lockfileVersion: '6.0'

dependencies:
  '@am92/api-crypto':
    specifier: ^1.1.2
    version: 1.1.2
  '@am92/api-logger':
    specifier: ^1.1.5
    version: 1.1.5
  express-http-context:
    specifier: ^1.2.4
    version: 1.2.4
  lodash:
    specifier: ^4.17.21
    version: 4.17.21
  nanoid:
    specifier: ^4.0.2
    version: 4.0.2

packages:

  /@am92/api-crypto@1.1.2:
    resolution: {integrity: sha512-OV3VhAtUBP2PLX9Vm5cJscAp2grohlVBDcpOtklhwAmk0PV+qbNgve/utHDI9aaHRP0ylblTZ5EHLVzFMPejxw==}
    requiresBuild: true
    dependencies:
      '@am92/jose-crypto': 1.1.1
      '@am92/kms': 1.1.1
      '@am92/redis': 1.1.1
      moment: 2.29.4
    transitivePeerDependencies:
      - aws-crt
    dev: false

  /@am92/api-logger@1.1.5:
    resolution: {integrity: sha512-95CVAAlLw+Y21S7eUilvJjGaXerN/NTGf4zQSZk196Eb1Kd7Z6sK0r6GpspvJ0hgCjelPKcaZ5/ABJJNUZs89Q==}
    dependencies:
      chalk: 5.2.0
      cls-hooked: 4.2.2
      nanoid: 4.0.2
      winston: 3.8.2
    dev: false

  /@am92/jose-crypto@1.1.1:
    resolution: {integrity: sha512-zVgSvKEjJVaL6muxwLaDzlwrfgg9h6l5pt1ELwILecGbU4uvoXg0BKhwUyYJuAc2l83y2jcOh32qb2MGv1epjQ==}
    dev: false

  /@am92/kms@1.1.1:
    resolution: {integrity: sha512-zUoSGzZMncjtyfgev2hI4VslAqXCWbZJ9iwf81AHjbj4g+FNDI5XY9OnUQukwLbaQV4s772sVdSugipUwQdZPQ==}
    dependencies:
      '@aws-sdk/client-kms': 3.312.0
    transitivePeerDependencies:
      - aws-crt
    dev: false

  /@am92/redis@1.1.1:
    resolution: {integrity: sha512-2RmzqPipCEga4xg6PU3qC/QeHmo1cFzkNuyHu/zDfax8yb+JPj1PAvPbmJjwhZ+f6W3W8rkSrWx5BWW/w5fbrg==}
    dependencies:
      redis: 4.6.5
    dev: false

  /@aws-crypto/ie11-detection@3.0.0:
    resolution: {integrity: sha512-341lBBkiY1DfDNKai/wXM3aujNBkXR7tq1URPQDL9wi3AUbI80NR74uF1TXHMm7po1AcnFk8iu2S2IeU/+/A+Q==}
    dependencies:
      tslib: 1.14.1
    dev: false

  /@aws-crypto/sha256-browser@3.0.0:
    resolution: {integrity: sha512-8VLmW2B+gjFbU5uMeqtQM6Nj0/F1bro80xQXCW6CQBWgosFWXTx77aeOF5CAIAmbOK64SdMBJdNr6J41yP5mvQ==}
    dependencies:
      '@aws-crypto/ie11-detection': 3.0.0
      '@aws-crypto/sha256-js': 3.0.0
      '@aws-crypto/supports-web-crypto': 3.0.0
      '@aws-crypto/util': 3.0.0
      '@aws-sdk/types': 3.310.0
      '@aws-sdk/util-locate-window': 3.310.0
      '@aws-sdk/util-utf8-browser': 3.259.0
      tslib: 1.14.1
    dev: false

  /@aws-crypto/sha256-js@3.0.0:
    resolution: {integrity: sha512-PnNN7os0+yd1XvXAy23CFOmTbMaDxgxXtTKHybrJ39Y8kGzBATgBFibWJKH6BhytLI/Zyszs87xCOBNyBig6vQ==}
    dependencies:
      '@aws-crypto/util': 3.0.0
      '@aws-sdk/types': 3.310.0
      tslib: 1.14.1
    dev: false

  /@aws-crypto/supports-web-crypto@3.0.0:
    resolution: {integrity: sha512-06hBdMwUAb2WFTuGG73LSC0wfPu93xWwo5vL2et9eymgmu3Id5vFAHBbajVWiGhPO37qcsdCap/FqXvJGJWPIg==}
    dependencies:
      tslib: 1.14.1
    dev: false

  /@aws-crypto/util@3.0.0:
    resolution: {integrity: sha512-2OJlpeJpCR48CC8r+uKVChzs9Iungj9wkZrl8Z041DWEWvyIHILYKCPNzJghKsivj+S3mLo6BVc7mBNzdxA46w==}
    dependencies:
      '@aws-sdk/types': 3.310.0
      '@aws-sdk/util-utf8-browser': 3.259.0
      tslib: 1.14.1
    dev: false

  /@aws-sdk/abort-controller@3.310.0:
    resolution: {integrity: sha512-v1zrRQxDLA1MdPim159Vx/CPHqsB4uybSxRi1CnfHO5ZjHryx3a5htW2gdGAykVCul40+yJXvfpufMrELVxH+g==}
    engines: {node: '>=14.0.0'}
    dependencies:
      '@aws-sdk/types': 3.310.0
      tslib: 2.5.0
    dev: false

  /@aws-sdk/client-kms@3.312.0:
    resolution: {integrity: sha512-wSZ+ySnRfJ91s6REI1+rUiHzcP64lWTn7sSqIlGzpzfRJ0VyUTW28qpGyvfQmSOWGe3BVnpFG7RR5uV7T4ZTrg==}
    engines: {node: '>=14.0.0'}
    dependencies:
      '@aws-crypto/sha256-browser': 3.0.0
      '@aws-crypto/sha256-js': 3.0.0
      '@aws-sdk/client-sts': 3.312.0
      '@aws-sdk/config-resolver': 3.310.0
      '@aws-sdk/credential-provider-node': 3.310.0
      '@aws-sdk/fetch-http-handler': 3.310.0
      '@aws-sdk/hash-node': 3.310.0
      '@aws-sdk/invalid-dependency': 3.310.0
      '@aws-sdk/middleware-content-length': 3.310.0
      '@aws-sdk/middleware-endpoint': 3.310.0
      '@aws-sdk/middleware-host-header': 3.310.0
      '@aws-sdk/middleware-logger': 3.310.0
      '@aws-sdk/middleware-recursion-detection': 3.310.0
      '@aws-sdk/middleware-retry': 3.310.0
      '@aws-sdk/middleware-serde': 3.310.0
      '@aws-sdk/middleware-signing': 3.310.0
      '@aws-sdk/middleware-stack': 3.310.0
      '@aws-sdk/middleware-user-agent': 3.310.0
      '@aws-sdk/node-config-provider': 3.310.0
      '@aws-sdk/node-http-handler': 3.310.0
      '@aws-sdk/protocol-http': 3.310.0
      '@aws-sdk/smithy-client': 3.310.0
      '@aws-sdk/types': 3.310.0
      '@aws-sdk/url-parser': 3.310.0
      '@aws-sdk/util-base64': 3.310.0
      '@aws-sdk/util-body-length-browser': 3.310.0
      '@aws-sdk/util-body-length-node': 3.310.0
      '@aws-sdk/util-defaults-mode-browser': 3.310.0
      '@aws-sdk/util-defaults-mode-node': 3.310.0
      '@aws-sdk/util-endpoints': 3.310.0
      '@aws-sdk/util-retry': 3.310.0
      '@aws-sdk/util-user-agent-browser': 3.310.0
      '@aws-sdk/util-user-agent-node': 3.310.0
      '@aws-sdk/util-utf8': 3.310.0
      tslib: 2.5.0
    transitivePeerDependencies:
      - aws-crt
    dev: false

  /@aws-sdk/client-sso-oidc@3.310.0:
    resolution: {integrity: sha512-3GKaRSfMD3OiYWGa+qg5KvJw0nLV0Vu7zRiulLuKDvgmWw3SNJKn3frWlmq/bKFUKahLsV8zozbeJItxtKAD6g==}
    engines: {node: '>=14.0.0'}
    dependencies:
      '@aws-crypto/sha256-browser': 3.0.0
      '@aws-crypto/sha256-js': 3.0.0
      '@aws-sdk/config-resolver': 3.310.0
      '@aws-sdk/fetch-http-handler': 3.310.0
      '@aws-sdk/hash-node': 3.310.0
      '@aws-sdk/invalid-dependency': 3.310.0
      '@aws-sdk/middleware-content-length': 3.310.0
      '@aws-sdk/middleware-endpoint': 3.310.0
      '@aws-sdk/middleware-host-header': 3.310.0
      '@aws-sdk/middleware-logger': 3.310.0
      '@aws-sdk/middleware-recursion-detection': 3.310.0
      '@aws-sdk/middleware-retry': 3.310.0
      '@aws-sdk/middleware-serde': 3.310.0
      '@aws-sdk/middleware-stack': 3.310.0
      '@aws-sdk/middleware-user-agent': 3.310.0
      '@aws-sdk/node-config-provider': 3.310.0
      '@aws-sdk/node-http-handler': 3.310.0
      '@aws-sdk/protocol-http': 3.310.0
      '@aws-sdk/smithy-client': 3.310.0
      '@aws-sdk/types': 3.310.0
      '@aws-sdk/url-parser': 3.310.0
      '@aws-sdk/util-base64': 3.310.0
      '@aws-sdk/util-body-length-browser': 3.310.0
      '@aws-sdk/util-body-length-node': 3.310.0
      '@aws-sdk/util-defaults-mode-browser': 3.310.0
      '@aws-sdk/util-defaults-mode-node': 3.310.0
      '@aws-sdk/util-endpoints': 3.310.0
      '@aws-sdk/util-retry': 3.310.0
      '@aws-sdk/util-user-agent-browser': 3.310.0
      '@aws-sdk/util-user-agent-node': 3.310.0
      '@aws-sdk/util-utf8': 3.310.0
      tslib: 2.5.0
    transitivePeerDependencies:
      - aws-crt
    dev: false

  /@aws-sdk/client-sso@3.310.0:
    resolution: {integrity: sha512-netFap3Mp9I7bzAjsswHPA5WEbQtNMmXvW9/IVb7tmf85/esXCWindtyI43e/Xerut9ZVyEACPBFn30CLLE2xQ==}
    engines: {node: '>=14.0.0'}
    dependencies:
      '@aws-crypto/sha256-browser': 3.0.0
      '@aws-crypto/sha256-js': 3.0.0
      '@aws-sdk/config-resolver': 3.310.0
      '@aws-sdk/fetch-http-handler': 3.310.0
      '@aws-sdk/hash-node': 3.310.0
      '@aws-sdk/invalid-dependency': 3.310.0
      '@aws-sdk/middleware-content-length': 3.310.0
      '@aws-sdk/middleware-endpoint': 3.310.0
      '@aws-sdk/middleware-host-header': 3.310.0
      '@aws-sdk/middleware-logger': 3.310.0
      '@aws-sdk/middleware-recursion-detection': 3.310.0
      '@aws-sdk/middleware-retry': 3.310.0
      '@aws-sdk/middleware-serde': 3.310.0
      '@aws-sdk/middleware-stack': 3.310.0
      '@aws-sdk/middleware-user-agent': 3.310.0
      '@aws-sdk/node-config-provider': 3.310.0
      '@aws-sdk/node-http-handler': 3.310.0
      '@aws-sdk/protocol-http': 3.310.0
      '@aws-sdk/smithy-client': 3.310.0
      '@aws-sdk/types': 3.310.0
      '@aws-sdk/url-parser': 3.310.0
      '@aws-sdk/util-base64': 3.310.0
      '@aws-sdk/util-body-length-browser': 3.310.0
      '@aws-sdk/util-body-length-node': 3.310.0
      '@aws-sdk/util-defaults-mode-browser': 3.310.0
      '@aws-sdk/util-defaults-mode-node': 3.310.0
      '@aws-sdk/util-endpoints': 3.310.0
      '@aws-sdk/util-retry': 3.310.0
      '@aws-sdk/util-user-agent-browser': 3.310.0
      '@aws-sdk/util-user-agent-node': 3.310.0
      '@aws-sdk/util-utf8': 3.310.0
      tslib: 2.5.0
    transitivePeerDependencies:
      - aws-crt
    dev: false

  /@aws-sdk/client-sts@3.312.0:
    resolution: {integrity: sha512-t0U7vRvWaMjrzBUo6tPrHe6HE97Blqx+b4GOjFbcbLtzxLlcRfhnWJik0Lp8hJtVqzNoN5mL4OeYgK7CRpL/Sw==}
    engines: {node: '>=14.0.0'}
    dependencies:
      '@aws-crypto/sha256-browser': 3.0.0
      '@aws-crypto/sha256-js': 3.0.0
      '@aws-sdk/config-resolver': 3.310.0
      '@aws-sdk/credential-provider-node': 3.310.0
      '@aws-sdk/fetch-http-handler': 3.310.0
      '@aws-sdk/hash-node': 3.310.0
      '@aws-sdk/invalid-dependency': 3.310.0
      '@aws-sdk/middleware-content-length': 3.310.0
      '@aws-sdk/middleware-endpoint': 3.310.0
      '@aws-sdk/middleware-host-header': 3.310.0
      '@aws-sdk/middleware-logger': 3.310.0
      '@aws-sdk/middleware-recursion-detection': 3.310.0
      '@aws-sdk/middleware-retry': 3.310.0
      '@aws-sdk/middleware-sdk-sts': 3.310.0
      '@aws-sdk/middleware-serde': 3.310.0
      '@aws-sdk/middleware-signing': 3.310.0
      '@aws-sdk/middleware-stack': 3.310.0
      '@aws-sdk/middleware-user-agent': 3.310.0
      '@aws-sdk/node-config-provider': 3.310.0
      '@aws-sdk/node-http-handler': 3.310.0
      '@aws-sdk/protocol-http': 3.310.0
      '@aws-sdk/smithy-client': 3.310.0
      '@aws-sdk/types': 3.310.0
      '@aws-sdk/url-parser': 3.310.0
      '@aws-sdk/util-base64': 3.310.0
      '@aws-sdk/util-body-length-browser': 3.310.0
      '@aws-sdk/util-body-length-node': 3.310.0
      '@aws-sdk/util-defaults-mode-browser': 3.310.0
      '@aws-sdk/util-defaults-mode-node': 3.310.0
      '@aws-sdk/util-endpoints': 3.310.0
      '@aws-sdk/util-retry': 3.310.0
      '@aws-sdk/util-user-agent-browser': 3.310.0
      '@aws-sdk/util-user-agent-node': 3.310.0
      '@aws-sdk/util-utf8': 3.310.0
      fast-xml-parser: 4.1.2
      tslib: 2.5.0
    transitivePeerDependencies:
      - aws-crt
    dev: false

  /@aws-sdk/config-resolver@3.310.0:
    resolution: {integrity: sha512-8vsT+/50lOqfDxka9m/rRt6oxv1WuGZoP8oPMk0Dt+TxXMbAzf4+rejBgiB96wshI1k3gLokYRjSQZn+dDtT8g==}
    engines: {node: '>=14.0.0'}
    dependencies:
      '@aws-sdk/types': 3.310.0
      '@aws-sdk/util-config-provider': 3.310.0
      '@aws-sdk/util-middleware': 3.310.0
      tslib: 2.5.0
    dev: false

  /@aws-sdk/credential-provider-env@3.310.0:
    resolution: {integrity: sha512-vvIPQpI16fj95xwS7M3D48F7QhZJBnnCgB5lR+b7So+vsG9ibm1mZRVGzVpdxCvgyOhHFbvrby9aalNJmmIP1A==}
    engines: {node: '>=14.0.0'}
    dependencies:
      '@aws-sdk/property-provider': 3.310.0
      '@aws-sdk/types': 3.310.0
      tslib: 2.5.0
    dev: false

  /@aws-sdk/credential-provider-imds@3.310.0:
    resolution: {integrity: sha512-baxK7Zp6dai5AGW01FIW27xS2KAaPUmKLIXv5SvFYsUgXXvNW55im4uG3b+2gA0F7V+hXvVBH08OEqmwW6we5w==}
    engines: {node: '>=14.0.0'}
    dependencies:
      '@aws-sdk/node-config-provider': 3.310.0
      '@aws-sdk/property-provider': 3.310.0
      '@aws-sdk/types': 3.310.0
      '@aws-sdk/url-parser': 3.310.0
      tslib: 2.5.0
    dev: false

  /@aws-sdk/credential-provider-ini@3.310.0:
    resolution: {integrity: sha512-gtRz7I+4BBpwZ3tc6UIt5lQuiAFnkpOibxHh95x1M6HDxBjm+uqD6RPZYVH+dULZPYXOtOTsHV0IGjrcV0sSRg==}
    engines: {node: '>=14.0.0'}
    dependencies:
      '@aws-sdk/credential-provider-env': 3.310.0
      '@aws-sdk/credential-provider-imds': 3.310.0
      '@aws-sdk/credential-provider-process': 3.310.0
      '@aws-sdk/credential-provider-sso': 3.310.0
      '@aws-sdk/credential-provider-web-identity': 3.310.0
      '@aws-sdk/property-provider': 3.310.0
      '@aws-sdk/shared-ini-file-loader': 3.310.0
      '@aws-sdk/types': 3.310.0
      tslib: 2.5.0
    transitivePeerDependencies:
      - aws-crt
    dev: false

  /@aws-sdk/credential-provider-node@3.310.0:
    resolution: {integrity: sha512-FrOztUcOq2Sp32xGtJvxfvdlmuAeoxIu/AElHzV1bkx6Pzo9DkQBhXrSQ+JFSpI++weOD4ZGFhAvgbgUOT4VAg==}
    engines: {node: '>=14.0.0'}
    dependencies:
      '@aws-sdk/credential-provider-env': 3.310.0
      '@aws-sdk/credential-provider-imds': 3.310.0
      '@aws-sdk/credential-provider-ini': 3.310.0
      '@aws-sdk/credential-provider-process': 3.310.0
      '@aws-sdk/credential-provider-sso': 3.310.0
      '@aws-sdk/credential-provider-web-identity': 3.310.0
      '@aws-sdk/property-provider': 3.310.0
      '@aws-sdk/shared-ini-file-loader': 3.310.0
      '@aws-sdk/types': 3.310.0
      tslib: 2.5.0
    transitivePeerDependencies:
      - aws-crt
    dev: false

  /@aws-sdk/credential-provider-process@3.310.0:
    resolution: {integrity: sha512-h73sg6GPMUWC+3zMCbA1nZ2O03nNJt7G96JdmnantiXBwHpRKWW8nBTLzx5uhXn6hTuTaoQRP/P+oxQJKYdMmA==}
    engines: {node: '>=14.0.0'}
    dependencies:
      '@aws-sdk/property-provider': 3.310.0
      '@aws-sdk/shared-ini-file-loader': 3.310.0
      '@aws-sdk/types': 3.310.0
      tslib: 2.5.0
    dev: false

  /@aws-sdk/credential-provider-sso@3.310.0:
    resolution: {integrity: sha512-nXkpT8mrM/wRqSiz/a4p9U2UrOKyfZXhbPHIHyQj8K+uLjsYS+WPuH287J4A5Q57A6uarTrj5RjHmVeZVLaHmg==}
    engines: {node: '>=14.0.0'}
    dependencies:
      '@aws-sdk/client-sso': 3.310.0
      '@aws-sdk/property-provider': 3.310.0
      '@aws-sdk/shared-ini-file-loader': 3.310.0
      '@aws-sdk/token-providers': 3.310.0
      '@aws-sdk/types': 3.310.0
      tslib: 2.5.0
    transitivePeerDependencies:
      - aws-crt
    dev: false

  /@aws-sdk/credential-provider-web-identity@3.310.0:
    resolution: {integrity: sha512-H4SzuZXILNhK6/IR1uVvsUDZvzc051hem7GLyYghBCu8mU+tq28YhKE8MfSroi6eL2e5Vujloij1OM2EQQkPkw==}
    engines: {node: '>=14.0.0'}
    dependencies:
      '@aws-sdk/property-provider': 3.310.0
      '@aws-sdk/types': 3.310.0
      tslib: 2.5.0
    dev: false

  /@aws-sdk/fetch-http-handler@3.310.0:
    resolution: {integrity: sha512-Bi9vIwzdkw1zMcvi/zGzlWS9KfIEnAq4NNhsnCxbQ4OoIRU9wvU+WGZdBBhxg0ZxZmpp1j1aZhU53lLjA07MHw==}
    dependencies:
      '@aws-sdk/protocol-http': 3.310.0
      '@aws-sdk/querystring-builder': 3.310.0
      '@aws-sdk/types': 3.310.0
      '@aws-sdk/util-base64': 3.310.0
      tslib: 2.5.0
    dev: false

  /@aws-sdk/hash-node@3.310.0:
    resolution: {integrity: sha512-NvE2fhRc8GRwCXBfDehxVAWCmVwVMILliAKVPAEr4yz2CkYs0tqU51S48x23dtna07H4qHtgpeNqVTthcIQOEQ==}
    engines: {node: '>=14.0.0'}
    dependencies:
      '@aws-sdk/types': 3.310.0
      '@aws-sdk/util-buffer-from': 3.310.0
      '@aws-sdk/util-utf8': 3.310.0
      tslib: 2.5.0
    dev: false

  /@aws-sdk/invalid-dependency@3.310.0:
    resolution: {integrity: sha512-1s5RG5rSPXoa/aZ/Kqr5U/7lqpx+Ry81GprQ2bxWqJvWQIJ0IRUwo5pk8XFxbKVr/2a+4lZT/c3OGoBOM1yRRA==}
    dependencies:
      '@aws-sdk/types': 3.310.0
      tslib: 2.5.0
    dev: false

  /@aws-sdk/is-array-buffer@3.310.0:
    resolution: {integrity: sha512-urnbcCR+h9NWUnmOtet/s4ghvzsidFmspfhYaHAmSRdy9yDjdjBJMFjjsn85A1ODUktztm+cVncXjQ38WCMjMQ==}
    engines: {node: '>=14.0.0'}
    dependencies:
      tslib: 2.5.0
    dev: false

  /@aws-sdk/middleware-content-length@3.310.0:
    resolution: {integrity: sha512-P8tQZxgDt6CAh1wd/W6WPzjc+uWPJwQkm+F7rAwRlM+k9q17HrhnksGDKcpuuLyIhPQYdmOMIkpKVgXGa4avhQ==}
    engines: {node: '>=14.0.0'}
    dependencies:
      '@aws-sdk/protocol-http': 3.310.0
      '@aws-sdk/types': 3.310.0
      tslib: 2.5.0
    dev: false

  /@aws-sdk/middleware-endpoint@3.310.0:
    resolution: {integrity: sha512-Z+N2vOL8K354/lstkClxLLsr6hCpVRh+0tCMXrVj66/NtKysCEZ/0b9LmqOwD9pWHNiI2mJqXwY0gxNlKAroUg==}
    engines: {node: '>=14.0.0'}
    dependencies:
      '@aws-sdk/middleware-serde': 3.310.0
      '@aws-sdk/types': 3.310.0
      '@aws-sdk/url-parser': 3.310.0
      '@aws-sdk/util-middleware': 3.310.0
      tslib: 2.5.0
    dev: false

  /@aws-sdk/middleware-host-header@3.310.0:
    resolution: {integrity: sha512-QWSA+46/hXorXyWa61ic2K7qZzwHTiwfk2e9mRRjeIRepUgI3qxFjsYqrWtrOGBjmFmq0pYIY8Bb/DCJuQqcoA==}
    engines: {node: '>=14.0.0'}
    dependencies:
      '@aws-sdk/protocol-http': 3.310.0
      '@aws-sdk/types': 3.310.0
      tslib: 2.5.0
    dev: false

  /@aws-sdk/middleware-logger@3.310.0:
    resolution: {integrity: sha512-Lurm8XofrASBRnAVtiSNuDSRsRqPNg27RIFLLsLp/pqog9nFJ0vz0kgdb9S5Z+zw83Mm+UlqOe6D8NTUNp4fVg==}
    engines: {node: '>=14.0.0'}
    dependencies:
      '@aws-sdk/types': 3.310.0
      tslib: 2.5.0
    dev: false

  /@aws-sdk/middleware-recursion-detection@3.310.0:
    resolution: {integrity: sha512-SuB75/xk/gyue24gkriTwO2jFd7YcUGZDClQYuRejgbXSa3CO0lWyawQtfLcSSEBp9izrEVXuFH24K1eAft5nQ==}
    engines: {node: '>=14.0.0'}
    dependencies:
      '@aws-sdk/protocol-http': 3.310.0
      '@aws-sdk/types': 3.310.0
      tslib: 2.5.0
    dev: false

  /@aws-sdk/middleware-retry@3.310.0:
    resolution: {integrity: sha512-oTPsRy2W4s+dfxbJPW7Km+hHtv/OMsNsVfThAq8DDYKC13qlr1aAyOqGLD+dpBy2aKe7ss517Sy2HcHtHqm7/g==}
    engines: {node: '>=14.0.0'}
    dependencies:
      '@aws-sdk/protocol-http': 3.310.0
      '@aws-sdk/service-error-classification': 3.310.0
      '@aws-sdk/types': 3.310.0
      '@aws-sdk/util-middleware': 3.310.0
      '@aws-sdk/util-retry': 3.310.0
      tslib: 2.5.0
      uuid: 8.3.2
    dev: false

  /@aws-sdk/middleware-sdk-sts@3.310.0:
    resolution: {integrity: sha512-+5PFwlYNLvLLIfw0ASAoWV/iIF8Zv6R6QGtyP0CclhRSvNjgbQDVnV0g95MC5qvh+GB/Yjlkt8qAjLSPjHfsrQ==}
    engines: {node: '>=14.0.0'}
    dependencies:
      '@aws-sdk/middleware-signing': 3.310.0
      '@aws-sdk/types': 3.310.0
      tslib: 2.5.0
    dev: false

  /@aws-sdk/middleware-serde@3.310.0:
    resolution: {integrity: sha512-RNeeTVWSLTaentUeCgQKZhAl+C6hxtwD78cQWS10UymWpQFwbaxztzKUu4UQS5xA2j6PxwPRRUjqa4jcFjfLsg==}
    engines: {node: '>=14.0.0'}
    dependencies:
      '@aws-sdk/types': 3.310.0
      tslib: 2.5.0
    dev: false

  /@aws-sdk/middleware-signing@3.310.0:
    resolution: {integrity: sha512-f9mKq+XMdW207Af3hKjdTnpNhdtwqWuvFs/ZyXoOkp/g1MY1O6L23Jy6i52m29LxbT4AuNRG1oKODfXM0vYVjQ==}
    engines: {node: '>=14.0.0'}
    dependencies:
      '@aws-sdk/property-provider': 3.310.0
      '@aws-sdk/protocol-http': 3.310.0
      '@aws-sdk/signature-v4': 3.310.0
      '@aws-sdk/types': 3.310.0
      '@aws-sdk/util-middleware': 3.310.0
      tslib: 2.5.0
    dev: false

  /@aws-sdk/middleware-stack@3.310.0:
    resolution: {integrity: sha512-010O1PD+UAcZVKRvqEusE1KJqN96wwrf6QsqbRM0ywsKQ21NDweaHvEDlds2VHpgmofxkRLRu/IDrlPkKRQrRg==}
    engines: {node: '>=14.0.0'}
    dependencies:
      tslib: 2.5.0
    dev: false

  /@aws-sdk/middleware-user-agent@3.310.0:
    resolution: {integrity: sha512-x3IOwSwSbwKidlxRk3CNVHVUb06SRuaELxggCaR++QVI8NU6qD/l4VHXKVRvbTHiC/cYxXE/GaBDgQVpDR7V/g==}
    engines: {node: '>=14.0.0'}
    dependencies:
      '@aws-sdk/protocol-http': 3.310.0
      '@aws-sdk/types': 3.310.0
      '@aws-sdk/util-endpoints': 3.310.0
      tslib: 2.5.0
    dev: false

  /@aws-sdk/node-config-provider@3.310.0:
    resolution: {integrity: sha512-T/Pp6htc6hq/Cq+MLNDSyiwWCMVF6GqbBbXKVlO5L8rdHx4sq9xPdoPveZhGWrxvkanjA6eCwUp6E0riBOSVng==}
    engines: {node: '>=14.0.0'}
    dependencies:
      '@aws-sdk/property-provider': 3.310.0
      '@aws-sdk/shared-ini-file-loader': 3.310.0
      '@aws-sdk/types': 3.310.0
      tslib: 2.5.0
    dev: false

  /@aws-sdk/node-http-handler@3.310.0:
    resolution: {integrity: sha512-irv9mbcM9xC2xYjArQF5SYmHBMu4ciMWtGsoHII1nRuFOl9FoT4ffTvEPuLlfC6pznzvKt9zvnm6xXj7gDChKg==}
    engines: {node: '>=14.0.0'}
    dependencies:
      '@aws-sdk/abort-controller': 3.310.0
      '@aws-sdk/protocol-http': 3.310.0
      '@aws-sdk/querystring-builder': 3.310.0
      '@aws-sdk/types': 3.310.0
      tslib: 2.5.0
    dev: false

  /@aws-sdk/property-provider@3.310.0:
    resolution: {integrity: sha512-3lxDb0akV6BBzmFe4nLPaoliQbAifyWJhuvuDOu7e8NzouvpQXs0275w9LePhhcgjKAEVXUIse05ZW2DLbxo/g==}
    engines: {node: '>=14.0.0'}
    dependencies:
      '@aws-sdk/types': 3.310.0
      tslib: 2.5.0
    dev: false

  /@aws-sdk/protocol-http@3.310.0:
    resolution: {integrity: sha512-fgZ1aw/irQtnrsR58pS8ThKOWo57Py3xX6giRvwSgZDEcxHfVzuQjy9yPuV++v04fdmdtgpbGf8WfvAAJ11yXQ==}
    engines: {node: '>=14.0.0'}
    dependencies:
      '@aws-sdk/types': 3.310.0
      tslib: 2.5.0
    dev: false

  /@aws-sdk/querystring-builder@3.310.0:
    resolution: {integrity: sha512-ZHH8GV/80+pWGo7DzsvwvXR5xVxUHXUvPJPFAkhr6nCf78igdoF8gR10ScFoEKbtEapoNTaZlKHPXxpD8aPG7A==}
    engines: {node: '>=14.0.0'}
    dependencies:
      '@aws-sdk/types': 3.310.0
      '@aws-sdk/util-uri-escape': 3.310.0
      tslib: 2.5.0
    dev: false

  /@aws-sdk/querystring-parser@3.310.0:
    resolution: {integrity: sha512-YkIznoP6lsiIUHinx++/lbb3tlMURGGqMpo0Pnn32zYzGrJXA6eC3D0as2EcMjo55onTfuLcIiX4qzXes2MYOA==}
    engines: {node: '>=14.0.0'}
    dependencies:
      '@aws-sdk/types': 3.310.0
      tslib: 2.5.0
    dev: false

  /@aws-sdk/service-error-classification@3.310.0:
    resolution: {integrity: sha512-PuyC7k3qfIKeH2LCnDwbttMOKq3qAx4buvg0yfnJtQOz6t1AR8gsnAq0CjKXXyfkXwNKWTqCpE6lVNUIkXgsMw==}
    engines: {node: '>=14.0.0'}
    dev: false

  /@aws-sdk/shared-ini-file-loader@3.310.0:
    resolution: {integrity: sha512-N0q9pG0xSjQwc690YQND5bofm+4nfUviQ/Ppgan2kU6aU0WUq8KwgHJBto/YEEI+VlrME30jZJnxtOvcZJc2XA==}
    engines: {node: '>=14.0.0'}
    dependencies:
      '@aws-sdk/types': 3.310.0
      tslib: 2.5.0
    dev: false

  /@aws-sdk/signature-v4@3.310.0:
    resolution: {integrity: sha512-1M60P1ZBNAjCFv9sYW29OF6okktaeibWyW3lMXqzoHF70lHBZh+838iUchznXUA5FLabfn4jBFWMRxlAXJUY2Q==}
    engines: {node: '>=14.0.0'}
    dependencies:
      '@aws-sdk/is-array-buffer': 3.310.0
      '@aws-sdk/types': 3.310.0
      '@aws-sdk/util-hex-encoding': 3.310.0
      '@aws-sdk/util-middleware': 3.310.0
      '@aws-sdk/util-uri-escape': 3.310.0
      '@aws-sdk/util-utf8': 3.310.0
      tslib: 2.5.0
    dev: false

  /@aws-sdk/smithy-client@3.310.0:
    resolution: {integrity: sha512-UHMFvhoB2RLzsTb0mQe1ofvBUg/+/JEu1uptavxf/hEpEKZnRAaHH5FNkTG+mbFd/olay/QFjqNcMD6t8LcsNQ==}
    engines: {node: '>=14.0.0'}
    dependencies:
      '@aws-sdk/middleware-stack': 3.310.0
      '@aws-sdk/types': 3.310.0
      tslib: 2.5.0
    dev: false

  /@aws-sdk/token-providers@3.310.0:
    resolution: {integrity: sha512-G1JvB+2v8k900VJFkKVQXgLGF50ShOEIPxfK1gSQLkSU85vPwGIAANs1KvnlW08FsNbWp3+sKca4kfYKsooXMw==}
    engines: {node: '>=14.0.0'}
    dependencies:
      '@aws-sdk/client-sso-oidc': 3.310.0
      '@aws-sdk/property-provider': 3.310.0
      '@aws-sdk/shared-ini-file-loader': 3.310.0
      '@aws-sdk/types': 3.310.0
      tslib: 2.5.0
    transitivePeerDependencies:
      - aws-crt
    dev: false

  /@aws-sdk/types@3.310.0:
    resolution: {integrity: sha512-j8eamQJ7YcIhw7fneUfs8LYl3t01k4uHi4ZDmNRgtbmbmTTG3FZc2MotStZnp3nZB6vLiPF1o5aoJxWVvkzS6A==}
    engines: {node: '>=14.0.0'}
    dependencies:
      tslib: 2.5.0
    dev: false

  /@aws-sdk/url-parser@3.310.0:
    resolution: {integrity: sha512-mCLnCaSB9rQvAgx33u0DujLvr4d5yEm/W5r789GblwwQnlNXedVu50QRizMLTpltYWyAUoXjJgQnJHmJMaKXhw==}
    dependencies:
      '@aws-sdk/querystring-parser': 3.310.0
      '@aws-sdk/types': 3.310.0
      tslib: 2.5.0
    dev: false

  /@aws-sdk/util-base64@3.310.0:
    resolution: {integrity: sha512-v3+HBKQvqgdzcbL+pFswlx5HQsd9L6ZTlyPVL2LS9nNXnCcR3XgGz9jRskikRUuUvUXtkSG1J88GAOnJ/apTPg==}
    engines: {node: '>=14.0.0'}
    dependencies:
      '@aws-sdk/util-buffer-from': 3.310.0
      tslib: 2.5.0
    dev: false

  /@aws-sdk/util-body-length-browser@3.310.0:
    resolution: {integrity: sha512-sxsC3lPBGfpHtNTUoGXMQXLwjmR0zVpx0rSvzTPAuoVILVsp5AU/w5FphNPxD5OVIjNbZv9KsKTuvNTiZjDp9g==}
    dependencies:
      tslib: 2.5.0
    dev: false

  /@aws-sdk/util-body-length-node@3.310.0:
    resolution: {integrity: sha512-2tqGXdyKhyA6w4zz7UPoS8Ip+7sayOg9BwHNidiGm2ikbDxm1YrCfYXvCBdwaJxa4hJfRVz+aL9e+d3GqPI9pQ==}
    engines: {node: '>=14.0.0'}
    dependencies:
      tslib: 2.5.0
    dev: false

  /@aws-sdk/util-buffer-from@3.310.0:
    resolution: {integrity: sha512-i6LVeXFtGih5Zs8enLrt+ExXY92QV25jtEnTKHsmlFqFAuL3VBeod6boeMXkN2p9lbSVVQ1sAOOYZOHYbYkntw==}
    engines: {node: '>=14.0.0'}
    dependencies:
      '@aws-sdk/is-array-buffer': 3.310.0
      tslib: 2.5.0
    dev: false

  /@aws-sdk/util-config-provider@3.310.0:
    resolution: {integrity: sha512-xIBaYo8dwiojCw8vnUcIL4Z5tyfb1v3yjqyJKJWV/dqKUFOOS0U591plmXbM+M/QkXyML3ypon1f8+BoaDExrg==}
    engines: {node: '>=14.0.0'}
    dependencies:
      tslib: 2.5.0
    dev: false

  /@aws-sdk/util-defaults-mode-browser@3.310.0:
    resolution: {integrity: sha512-Mr2AoQsjAYNM5oAS2YJlYJqhiCvkFV/hu48slOZgbY4G7ueW4cM0DPkR16wqjcRCGqZ4JmAZB8Q5R0DMrLjhOQ==}
    engines: {node: '>= 10.0.0'}
    dependencies:
      '@aws-sdk/property-provider': 3.310.0
      '@aws-sdk/types': 3.310.0
      bowser: 2.11.0
      tslib: 2.5.0
    dev: false

  /@aws-sdk/util-defaults-mode-node@3.310.0:
    resolution: {integrity: sha512-JyBlvhQGR8w8NpFRZZXRVTDesafFKTu/gTWjcoxP7twa+fYHSIgPPFGnlcJ/iHaucjamSaWi5EQ+YQmnSZ8yHA==}
    engines: {node: '>= 10.0.0'}
    dependencies:
      '@aws-sdk/config-resolver': 3.310.0
      '@aws-sdk/credential-provider-imds': 3.310.0
      '@aws-sdk/node-config-provider': 3.310.0
      '@aws-sdk/property-provider': 3.310.0
      '@aws-sdk/types': 3.310.0
      tslib: 2.5.0
    dev: false

  /@aws-sdk/util-endpoints@3.310.0:
    resolution: {integrity: sha512-zG+/d/O5KPmAaeOMPd6bW1abifdT0H03f42keLjYEoRZzYtHPC5DuPE0UayiWGckI6BCDgy0sRKXCYS49UNFaQ==}
    engines: {node: '>=14.0.0'}
    dependencies:
      '@aws-sdk/types': 3.310.0
      tslib: 2.5.0
    dev: false

  /@aws-sdk/util-hex-encoding@3.310.0:
    resolution: {integrity: sha512-sVN7mcCCDSJ67pI1ZMtk84SKGqyix6/0A1Ab163YKn+lFBQRMKexleZzpYzNGxYzmQS6VanP/cfU7NiLQOaSfA==}
    engines: {node: '>=14.0.0'}
    dependencies:
      tslib: 2.5.0
    dev: false

  /@aws-sdk/util-locate-window@3.310.0:
    resolution: {integrity: sha512-qo2t/vBTnoXpjKxlsC2e1gBrRm80M3bId27r0BRB2VniSSe7bL1mmzM+/HFtujm0iAxtPM+aLEflLJlJeDPg0w==}
    engines: {node: '>=14.0.0'}
    dependencies:
      tslib: 2.5.0
    dev: false

  /@aws-sdk/util-middleware@3.310.0:
    resolution: {integrity: sha512-FTSUKL/eRb9X6uEZClrTe27QFXUNNp7fxYrPndZwk1hlaOP5ix+MIHBcI7pIiiY/JPfOUmPyZOu+HetlFXjWog==}
    engines: {node: '>=14.0.0'}
    dependencies:
      tslib: 2.5.0
    dev: false

  /@aws-sdk/util-retry@3.310.0:
    resolution: {integrity: sha512-FwWGhCBLfoivTMUHu1LIn4NjrN9JLJ/aX5aZmbcPIOhZVFJj638j0qDgZXyfvVqBuBZh7M8kGq0Oahy3dp69OA==}
    engines: {node: '>= 14.0.0'}
    dependencies:
      '@aws-sdk/service-error-classification': 3.310.0
      tslib: 2.5.0
    dev: false

  /@aws-sdk/util-uri-escape@3.310.0:
    resolution: {integrity: sha512-drzt+aB2qo2LgtDoiy/3sVG8w63cgLkqFIa2NFlGpUgHFWTXkqtbgf4L5QdjRGKWhmZsnqkbtL7vkSWEcYDJ4Q==}
    engines: {node: '>=14.0.0'}
    dependencies:
      tslib: 2.5.0
    dev: false

  /@aws-sdk/util-user-agent-browser@3.310.0:
    resolution: {integrity: sha512-yU/4QnHHuQ5z3vsUqMQVfYLbZGYwpYblPiuZx4Zo9+x0PBkNjYMqctdDcrpoH9Z2xZiDN16AmQGK1tix117ZKw==}
    dependencies:
      '@aws-sdk/types': 3.310.0
      bowser: 2.11.0
      tslib: 2.5.0
    dev: false

  /@aws-sdk/util-user-agent-node@3.310.0:
    resolution: {integrity: sha512-Ra3pEl+Gn2BpeE7KiDGpi4zj7WJXZA5GXnGo3mjbi9+Y3zrbuhJAbdZO3mO/o7xDgMC6ph4xCTbaSGzU6b6EDg==}
    engines: {node: '>=14.0.0'}
    peerDependencies:
      aws-crt: '>=1.0.0'
    peerDependenciesMeta:
      aws-crt:
        optional: true
    dependencies:
      '@aws-sdk/node-config-provider': 3.310.0
      '@aws-sdk/types': 3.310.0
      tslib: 2.5.0
    dev: false

  /@aws-sdk/util-utf8-browser@3.259.0:
    resolution: {integrity: sha512-UvFa/vR+e19XookZF8RzFZBrw2EUkQWxiBW0yYQAhvk3C+QVGl0H3ouca8LDBlBfQKXwmW3huo/59H8rwb1wJw==}
    dependencies:
      tslib: 2.5.0
    dev: false

  /@aws-sdk/util-utf8@3.310.0:
    resolution: {integrity: sha512-DnLfFT8uCO22uOJc0pt0DsSNau1GTisngBCDw8jQuWT5CqogMJu4b/uXmwEqfj8B3GX6Xsz8zOd6JpRlPftQoA==}
    engines: {node: '>=14.0.0'}
    dependencies:
      '@aws-sdk/util-buffer-from': 3.310.0
      tslib: 2.5.0
    dev: false

  /@colors/colors@1.5.0:
    resolution: {integrity: sha512-ooWCrlZP11i8GImSjTHYHLkvFDP48nS4+204nGb1RiX/WXYHmJA2III9/e2DWVabCESdW7hBAEzHRqUn9OUVvQ==}
    engines: {node: '>=0.1.90'}
    dev: false

  /@dabh/diagnostics@2.0.3:
    resolution: {integrity: sha512-hrlQOIi7hAfzsMqlGSFyVucrx38O+j6wiGOf//H2ecvIEqYN4ADBSS2iLMh5UFyDunCNniUIPk/q3riFv45xRA==}
    dependencies:
      colorspace: 1.1.4
      enabled: 2.0.0
      kuler: 2.0.0
    dev: false

  /@redis/bloom@1.2.0(@redis/client@1.5.6):
    resolution: {integrity: sha512-HG2DFjYKbpNmVXsa0keLHp/3leGJz1mjh09f2RLGGLQZzSHpkmZWuwJbAvo3QcRY8p80m5+ZdXZdYOSBLlp7Cg==}
    peerDependencies:
      '@redis/client': ^1.0.0
    dependencies:
      '@redis/client': 1.5.6
    dev: false

  /@redis/client@1.5.6:
    resolution: {integrity: sha512-dFD1S6je+A47Lj22jN/upVU2fj4huR7S9APd7/ziUXsIXDL+11GPYti4Suv5y8FuXaN+0ZG4JF+y1houEJ7ToA==}
    engines: {node: '>=14'}
    dependencies:
      cluster-key-slot: 1.1.2
      generic-pool: 3.9.0
      yallist: 4.0.0
    dev: false

  /@redis/graph@1.1.0(@redis/client@1.5.6):
    resolution: {integrity: sha512-16yZWngxyXPd+MJxeSr0dqh2AIOi8j9yXKcKCwVaKDbH3HTuETpDVPcLujhFYVPtYrngSco31BUcSa9TH31Gqg==}
    peerDependencies:
      '@redis/client': ^1.0.0
    dependencies:
      '@redis/client': 1.5.6
    dev: false

  /@redis/json@1.0.4(@redis/client@1.5.6):
    resolution: {integrity: sha512-LUZE2Gdrhg0Rx7AN+cZkb1e6HjoSKaeeW8rYnt89Tly13GBI5eP4CwDVr+MY8BAYfCg4/N15OUrtLoona9uSgw==}
    peerDependencies:
      '@redis/client': ^1.0.0
    dependencies:
      '@redis/client': 1.5.6
    dev: false

  /@redis/search@1.1.2(@redis/client@1.5.6):
    resolution: {integrity: sha512-/cMfstG/fOh/SsE+4/BQGeuH/JJloeWuH+qJzM8dbxuWvdWibWAOAHHCZTMPhV3xIlH4/cUEIA8OV5QnYpaVoA==}
    peerDependencies:
      '@redis/client': ^1.0.0
    dependencies:
      '@redis/client': 1.5.6
    dev: false

  /@redis/time-series@1.0.4(@redis/client@1.5.6):
    resolution: {integrity: sha512-ThUIgo2U/g7cCuZavucQTQzA9g9JbDDY2f64u3AbAoz/8vE2lt2U37LamDUVChhaDA3IRT9R6VvJwqnUfTJzng==}
    peerDependencies:
      '@redis/client': ^1.0.0
    dependencies:
      '@redis/client': 1.5.6
    dev: false

  /@types/body-parser@1.19.2:
    resolution: {integrity: sha512-ALYone6pm6QmwZoAgeyNksccT9Q4AWZQ6PvfwR37GT6r6FWUPguq6sUmNGSMV2Wr761oQoBxwGGa6DR5o1DC9g==}
    dependencies:
      '@types/connect': 3.4.35
      '@types/node': 18.15.11
    dev: false

  /@types/cls-hooked@4.3.3:
    resolution: {integrity: sha512-gNstDTb/ty5h6gJd6YpSPgsLX9LmRpaKJqGFp7MRlYxhwp4vXXKlJ9+bt1TZ9KbVNXE+Mbxy2AYXcpY21DDtJw==}
    dependencies:
      '@types/node': 18.15.11
    dev: false

  /@types/connect@3.4.35:
    resolution: {integrity: sha512-cdeYyv4KWoEgpBISTxWvqYsVy444DOqehiF3fM3ne10AmJ62RSyNkUnxMJXHQWRQQX2eR94m5y1IZyDwBjV9FQ==}
    dependencies:
      '@types/node': 18.15.11
    dev: false

  /@types/express-serve-static-core@4.17.33:
    resolution: {integrity: sha512-TPBqmR/HRYI3eC2E5hmiivIzv+bidAfXofM+sbonAGvyDhySGw9/PQZFt2BLOrjUUR++4eJVpx6KnLQK1Fk9tA==}
    dependencies:
      '@types/node': 18.15.11
      '@types/qs': 6.9.7
      '@types/range-parser': 1.2.4
    dev: false

  /@types/express@4.17.17:
    resolution: {integrity: sha512-Q4FmmuLGBG58btUnfS1c1r/NQdlp3DMfGDGig8WhfpA2YRUtEkxAjkZb0yvplJGYdF1fsQ81iMDcH24sSCNC/Q==}
    dependencies:
      '@types/body-parser': 1.19.2
      '@types/express-serve-static-core': 4.17.33
      '@types/qs': 6.9.7
      '@types/serve-static': 1.15.1
    dev: false

  /@types/mime@3.0.1:
    resolution: {integrity: sha512-Y4XFY5VJAuw0FgAqPNd6NNoV44jbq9Bz2L7Rh/J6jLTiHBSBJa9fxqQIvkIld4GsoDOcCbvzOUAbLPsSKKg+uA==}
    dev: false

  /@types/node@18.15.11:
    resolution: {integrity: sha512-E5Kwq2n4SbMzQOn6wnmBjuK9ouqlURrcZDVfbo9ftDDTFt3nk7ZKK4GMOzoYgnpQJKcxwQw+lGaBvvlMo0qN/Q==}
    dev: false

  /@types/qs@6.9.7:
    resolution: {integrity: sha512-FGa1F62FT09qcrueBA6qYTrJPVDzah9a+493+o2PCXsesWHIn27G98TsSMs3WPNbZIEj4+VJf6saSFpvD+3Zsw==}
    dev: false

  /@types/range-parser@1.2.4:
    resolution: {integrity: sha512-EEhsLsD6UsDM1yFhAvy0Cjr6VwmpMWqFBCb9w07wVugF7w9nfajxLuVmngTIpgS6svCnm6Vaw+MZhoDCKnOfsw==}
    dev: false

  /@types/serve-static@1.15.1:
    resolution: {integrity: sha512-NUo5XNiAdULrJENtJXZZ3fHtfMolzZwczzBbnAeBbqBwG+LaG6YaJtuwzwGSQZ2wsCrxjEhNNjAkKigy3n8teQ==}
    dependencies:
      '@types/mime': 3.0.1
      '@types/node': 18.15.11
    dev: false

  /@types/triple-beam@1.3.2:
    resolution: {integrity: sha512-txGIh+0eDFzKGC25zORnswy+br1Ha7hj5cMVwKIU7+s0U2AxxJru/jZSMU6OC9MJWP6+pc/hc6ZjyZShpsyY2g==}
    dev: false

  /async-hook-jl@1.7.6:
    resolution: {integrity: sha512-gFaHkFfSxTjvoxDMYqDuGHlcRyUuamF8s+ZTtJdDzqjws4mCt7v0vuV79/E2Wr2/riMQgtG4/yUtXWs1gZ7JMg==}
    engines: {node: ^4.7 || >=6.9 || >=7.3}
    dependencies:
      stack-chain: 1.3.7
    dev: false

  /async@3.2.4:
    resolution: {integrity: sha512-iAB+JbDEGXhyIUavoDl9WP/Jj106Kz9DEn1DPgYw5ruDn0e3Wgi3sKFm55sASdGBNOQB8F59d9qQ7deqrHA8wQ==}
    dev: false

  /bowser@2.11.0:
    resolution: {integrity: sha512-AlcaJBi/pqqJBIQ8U9Mcpc9i8Aqxn88Skv5d+xBX006BY5u8N3mGLHa5Lgppa7L/HfwgwLgZ6NYs+Ag6uUmJRA==}
    dev: false

  /chalk@5.2.0:
    resolution: {integrity: sha512-ree3Gqw/nazQAPuJJEy+avdl7QfZMcUvmHIKgEZkGL+xOBzRvup5Hxo6LHuMceSxOabuJLJm5Yp/92R9eMmMvA==}
    engines: {node: ^12.17.0 || ^14.13 || >=16.0.0}
    dev: false

  /cls-hooked@4.2.2:
    resolution: {integrity: sha512-J4Xj5f5wq/4jAvcdgoGsL3G103BtWpZrMo8NEinRltN+xpTZdI+M38pyQqhuFU/P792xkMFvnKSf+Lm81U1bxw==}
    engines: {node: ^4.7 || >=6.9 || >=7.3 || >=8.2.1}
    dependencies:
      async-hook-jl: 1.7.6
      emitter-listener: 1.1.2
      semver: 5.7.1
    dev: false

  /cluster-key-slot@1.1.2:
    resolution: {integrity: sha512-RMr0FhtfXemyinomL4hrWcYJxmX6deFdCxpJzhDttxgO1+bcCnkk+9drydLVDmAMG7NE6aN/fl4F7ucU/90gAA==}
    engines: {node: '>=0.10.0'}
    dev: false

  /color-convert@1.9.3:
    resolution: {integrity: sha512-QfAUtd+vFdAtFQcC8CCyYt1fYWxSqAiK2cSD6zDB8N3cpsEBAvRxp9zOGg6G/SHHJYAT88/az/IuDGALsNVbGg==}
    dependencies:
      color-name: 1.1.3
    dev: false

  /color-name@1.1.3:
    resolution: {integrity: sha512-72fSenhMw2HZMTVHeCA9KCmpEIbzWiQsjN+BHcBbS9vr1mtt+vJjPdksIBNUmKAW8TFUDPJK5SUU3QhE9NEXDw==}
    dev: false

  /color-name@1.1.4:
    resolution: {integrity: sha512-dOy+3AuW3a2wNbZHIuMZpTcgjGuLU/uBL/ubcZF9OXbDo8ff4O8yVp5Bf0efS8uEoYo5q4Fx7dY9OgQGXgAsQA==}
    dev: false

  /color-string@1.9.1:
    resolution: {integrity: sha512-shrVawQFojnZv6xM40anx4CkoDP+fZsw/ZerEMsW/pyzsRbElpsL/DBVW7q3ExxwusdNXI3lXpuhEZkzs8p5Eg==}
    dependencies:
      color-name: 1.1.4
      simple-swizzle: 0.2.2
    dev: false

  /color@3.2.1:
    resolution: {integrity: sha512-aBl7dZI9ENN6fUGC7mWpMTPNHmWUSNan9tuWN6ahh5ZLNk9baLJOnSMlrQkHcrfFgz2/RigjUVAjdx36VcemKA==}
    dependencies:
      color-convert: 1.9.3
      color-string: 1.9.1
    dev: false

  /colorspace@1.1.4:
    resolution: {integrity: sha512-BgvKJiuVu1igBUF2kEjRCZXol6wiiGbY5ipL/oVPwm0BL9sIpMIzM8IK7vwuxIIzOXMV3Ey5w+vxhm0rR/TN8w==}
    dependencies:
      color: 3.2.1
      text-hex: 1.0.0
    dev: false

  /emitter-listener@1.1.2:
    resolution: {integrity: sha512-Bt1sBAGFHY9DKY+4/2cV6izcKJUf5T7/gkdmkxzX/qv9CcGH8xSwVRW5mtX03SWJtRTWSOpzCuWN9rBFYZepZQ==}
    dependencies:
      shimmer: 1.2.1
    dev: false

  /enabled@2.0.0:
    resolution: {integrity: sha512-AKrN98kuwOzMIdAizXGI86UFBoo26CL21UM763y1h/GMSJ4/OHU9k2YlsmBpyScFo/wbLzWQJBMCW4+IO3/+OQ==}
    dev: false

  /express-http-context@1.2.4:
    resolution: {integrity: sha512-jPpBbF1MWWdRcUU1rxsX0CPnA8ueEj8xgWvpRGHoXWGI4l5KqhPY4Bq+Gt6s2IhqHQQ0g0wIvJ3jFfbUuJJycQ==}
    engines: {node: '>=8.0.0 <10.0.0 || >=10.4.0'}
    dependencies:
      '@types/cls-hooked': 4.3.3
      '@types/express': 4.17.17
      cls-hooked: 4.2.2
    dev: false

  /fast-xml-parser@4.1.2:
    resolution: {integrity: sha512-CDYeykkle1LiA/uqQyNwYpFbyF6Axec6YapmpUP+/RHWIoR1zKjocdvNaTsxCxZzQ6v9MLXaSYm9Qq0thv0DHg==}
    hasBin: true
    dependencies:
      strnum: 1.0.5
    dev: false

  /fecha@4.2.3:
    resolution: {integrity: sha512-OP2IUU6HeYKJi3i0z4A19kHMQoLVs4Hc+DPqqxI2h/DPZHTm/vjsfC6P0b4jCMy14XizLBqvndQ+UilD7707Jw==}
    dev: false

  /fn.name@1.1.0:
    resolution: {integrity: sha512-GRnmB5gPyJpAhTQdSZTSp9uaPSvl09KoYcMQtsB9rQoOmzs9dH6ffeccH+Z+cv6P68Hu5bC6JjRh4Ah/mHSNRw==}
    dev: false

  /generic-pool@3.9.0:
    resolution: {integrity: sha512-hymDOu5B53XvN4QT9dBmZxPX4CWhBPPLguTZ9MMFeFa/Kg0xWVfylOVNlJji/E7yTZWFd/q9GO5TxDLq156D7g==}
    engines: {node: '>= 4'}
    dev: false

  /inherits@2.0.4:
    resolution: {integrity: sha512-k/vGaX4/Yla3WzyMCvTQOXYeIHvqOKtnqBduzTHpzpQZzAskKMhZ2K+EnBiSM9zGSoIFeMpXKxa4dYeZIQqewQ==}
    dev: false

  /is-arrayish@0.3.2:
    resolution: {integrity: sha512-eVRqCvVlZbuw3GrM63ovNSNAeA1K16kaR/LRY/92w0zxQ5/1YzwblUX652i4Xs9RwAGjW9d9y6X88t8OaAJfWQ==}
    dev: false

  /is-stream@2.0.1:
    resolution: {integrity: sha512-hFoiJiTl63nn+kstHGBtewWSKnQLpyb155KHheA1l39uvtO9nWIop1p3udqPcUd/xbF1VLMO4n7OI6p7RbngDg==}
    engines: {node: '>=8'}
    dev: false

  /kuler@2.0.0:
    resolution: {integrity: sha512-Xq9nH7KlWZmXAtodXDDRE7vs6DU1gTU8zYDHDiWLSip45Egwq3plLHzPn27NgvzL2r1LMPC1vdqh98sQxtqj4A==}
    dev: false

  /lodash@4.17.21:
    resolution: {integrity: sha512-v2kDEe57lecTulaDIuNTPy3Ry4gLGJ6Z1O3vE1krgXZNrsQ+LFTGHVxVjcXPs17LhbZVGedAJv8XZ1tvj5FvSg==}
    dev: false

  /logform@2.5.1:
    resolution: {integrity: sha512-9FyqAm9o9NKKfiAKfZoYo9bGXXuwMkxQiQttkT4YjjVtQVIQtK6LmVtlxmCaFswo6N4AfEkHqZTV0taDtPotNg==}
    dependencies:
      '@colors/colors': 1.5.0
      '@types/triple-beam': 1.3.2
      fecha: 4.2.3
      ms: 2.1.3
      safe-stable-stringify: 2.4.3
      triple-beam: 1.3.0
    dev: false

  /moment@2.29.4:
    resolution: {integrity: sha512-5LC9SOxjSc2HF6vO2CyuTDNivEdoz2IvyJJGj6X8DJ0eFyfszE0QiEd+iXmBvUP3WHxSjFH/vIsA0EN00cgr8w==}
    dev: false

  /ms@2.1.3:
    resolution: {integrity: sha512-6FlzubTLZG3J2a/NVCAleEhjzq5oxgHyaCU9yYXvcLsvoVaHJq/s5xXI6/XXP6tz7R9xAOtHnSO/tXtF3WRTlA==}
    dev: false

  /nanoid@4.0.2:
    resolution: {integrity: sha512-7ZtY5KTCNheRGfEFxnedV5zFiORN1+Y1N6zvPTnHQd8ENUvfaDBeuJDZb2bN/oXwXxu3qkTXDzy57W5vAmDTBw==}
    engines: {node: ^14 || ^16 || >=18}
    hasBin: true
    dev: false

  /one-time@1.0.0:
    resolution: {integrity: sha512-5DXOiRKwuSEcQ/l0kGCF6Q3jcADFv5tSmRaJck/OqkVFcOzutB134KRSfF0xDrL39MNnqxbHBbUUcjZIhTgb2g==}
    dependencies:
      fn.name: 1.1.0
    dev: false

  /readable-stream@3.6.2:
    resolution: {integrity: sha512-9u/sniCrY3D5WdsERHzHE4G2YCXqoG5FTHUiCC4SIbr6XcLZBY05ya9EKjYek9O5xOAwjGq+1JdGBAS7Q9ScoA==}
    engines: {node: '>= 6'}
    dependencies:
      inherits: 2.0.4
      string_decoder: 1.3.0
      util-deprecate: 1.0.2
    dev: false

  /redis@4.6.5:
    resolution: {integrity: sha512-O0OWA36gDQbswOdUuAhRL6mTZpHFN525HlgZgDaVNgCJIAZR3ya06NTESb0R+TUZ+BFaDpz6NnnVvoMx9meUFg==}
    dependencies:
      '@redis/bloom': 1.2.0(@redis/client@1.5.6)
      '@redis/client': 1.5.6
      '@redis/graph': 1.1.0(@redis/client@1.5.6)
      '@redis/json': 1.0.4(@redis/client@1.5.6)
      '@redis/search': 1.1.2(@redis/client@1.5.6)
      '@redis/time-series': 1.0.4(@redis/client@1.5.6)
    dev: false

  /safe-buffer@5.2.1:
    resolution: {integrity: sha512-rp3So07KcdmmKbGvgaNxQSJr7bGVSVk5S9Eq1F+ppbRo70+YeaDxkw5Dd8NPN+GD6bjnYm2VuPuCXmpuYvmCXQ==}
    dev: false

  /safe-stable-stringify@2.4.3:
    resolution: {integrity: sha512-e2bDA2WJT0wxseVd4lsDP4+3ONX6HpMXQa1ZhFQ7SU+GjvORCmShbCMltrtIDfkYhVHrOcPtj+KhmDBdPdZD1g==}
    engines: {node: '>=10'}
    dev: false

  /semver@5.7.1:
    resolution: {integrity: sha512-sauaDf/PZdVgrLTNYHRtpXa1iRiKcaebiKQ1BJdpQlWH2lCvexQdX55snPFyK7QzpudqbCI0qXFfOasHdyNDGQ==}
    hasBin: true
    dev: false

  /shimmer@1.2.1:
    resolution: {integrity: sha512-sQTKC1Re/rM6XyFM6fIAGHRPVGvyXfgzIDvzoq608vM+jeyVD0Tu1E6Np0Kc2zAIFWIj963V2800iF/9LPieQw==}
    dev: false

  /simple-swizzle@0.2.2:
    resolution: {integrity: sha512-JA//kQgZtbuY83m+xT+tXJkmJncGMTFT+C+g2h2R9uxkYIrE2yy9sgmcLhCnw57/WSD+Eh3J97FPEDFnbXnDUg==}
    dependencies:
      is-arrayish: 0.3.2
    dev: false

  /stack-chain@1.3.7:
    resolution: {integrity: sha512-D8cWtWVdIe/jBA7v5p5Hwl5yOSOrmZPWDPe2KxQ5UAGD+nxbxU0lKXA4h85Ta6+qgdKVL3vUxsbIZjc1kBG7ug==}
    dev: false

  /stack-trace@0.0.10:
    resolution: {integrity: sha512-KGzahc7puUKkzyMt+IqAep+TVNbKP+k2Lmwhub39m1AsTSkaDutx56aDCo+HLDzf/D26BIHTJWNiTG1KAJiQCg==}
    dev: false

  /string_decoder@1.3.0:
    resolution: {integrity: sha512-hkRX8U1WjJFd8LsDJ2yQ/wWWxaopEsABU1XfkM8A+j0+85JAGppt16cr1Whg6KIbb4okU6Mql6BOj+uup/wKeA==}
    dependencies:
      safe-buffer: 5.2.1
    dev: false

  /strnum@1.0.5:
    resolution: {integrity: sha512-J8bbNyKKXl5qYcR36TIO8W3mVGVHrmmxsd5PAItGkmyzwJvybiw2IVq5nqd0i4LSNSkB/sx9VHllbfFdr9k1JA==}
    dev: false

  /text-hex@1.0.0:
    resolution: {integrity: sha512-uuVGNWzgJ4yhRaNSiubPY7OjISw4sw4E5Uv0wbjp+OzcbmVU/rsT8ujgcXJhn9ypzsgr5vlzpPqP+MBBKcGvbg==}
    dev: false

  /triple-beam@1.3.0:
    resolution: {integrity: sha512-XrHUvV5HpdLmIj4uVMxHggLbFSZYIn7HEWsqePZcI50pco+MPqJ50wMGY794X7AOOhxOBAjbkqfAbEe/QMp2Lw==}
    dev: false

  /tslib@1.14.1:
    resolution: {integrity: sha512-Xni35NKzjgMrwevysHTCArtLDpPvye8zV/0E4EyYn43P7/7qvQwPh9BGkHewbMulVntbigmcT7rdX3BNo9wRJg==}
    dev: false

  /tslib@2.5.0:
    resolution: {integrity: sha512-336iVw3rtn2BUK7ORdIAHTyxHGRIHVReokCR3XjbckJMK7ms8FysBfhLR8IXnAgy7T0PTPNBWKiH514FOW/WSg==}
    dev: false

  /util-deprecate@1.0.2:
    resolution: {integrity: sha512-EPD5q1uXyFxJpCrLnCc1nHnq3gOa6DZBocAIiI2TaSCA7VCJ1UJDMagCzIkXNsUYfD1daK//LTEQ8xiIbrHtcw==}
    dev: false

  /uuid@8.3.2:
    resolution: {integrity: sha512-+NYs2QeMWy+GWFOEm9xnn6HCDp0l7QBD7ml8zLUmJ+93Q5NF0NocErnwkTkXVFNiX3/fpC6afS8Dhb/gz7R7eg==}
    hasBin: true
    dev: false

  /winston-transport@4.5.0:
    resolution: {integrity: sha512-YpZzcUzBedhlTAfJg6vJDlyEai/IFMIVcaEZZyl3UXIl4gmqRpU7AE89AHLkbzLUsv0NVmw7ts+iztqKxxPW1Q==}
    engines: {node: '>= 6.4.0'}
    dependencies:
      logform: 2.5.1
      readable-stream: 3.6.2
      triple-beam: 1.3.0
    dev: false

  /winston@3.8.2:
    resolution: {integrity: sha512-MsE1gRx1m5jdTTO9Ld/vND4krP2To+lgDoMEHGGa4HIlAUyXJtfc7CxQcGXVyz2IBpw5hbFkj2b/AtUdQwyRew==}
    engines: {node: '>= 12.0.0'}
    dependencies:
      '@colors/colors': 1.5.0
      '@dabh/diagnostics': 2.0.3
      async: 3.2.4
      is-stream: 2.0.1
      logform: 2.5.1
      one-time: 1.0.0
      readable-stream: 3.6.2
      safe-stable-stringify: 2.4.3
      stack-trace: 0.0.10
      triple-beam: 1.3.0
      winston-transport: 4.5.0
    dev: false

  /yallist@4.0.0:
    resolution: {integrity: sha512-3wdGidZyq5PB084XLES5TpOSRA3wjXAlIWMhum2kRcv/41Sn2emQ0dycQW4uZXLejwKvg6EsvbdlVL+FYEct7A==}
    dev: false
