lockfileVersion: 5.4

specifiers:
  express-http-context: ^1.2.4
  lodash: ^4.17.21
  nanoid: ^4.0.0

dependencies:
  express-http-context: 1.2.4
  lodash: 4.17.21
  nanoid: 4.0.0

packages:

  /@types/body-parser/1.19.2:
    resolution: {integrity: sha512-ALYone6pm6QmwZoAgeyNksccT9Q4AWZQ6PvfwR37GT6r6FWUPguq6sUmNGSMV2Wr761oQoBxwGGa6DR5o1DC9g==}
    dependencies:
      '@types/connect': 3.4.35
      '@types/node': 18.11.17
    dev: false

  /@types/cls-hooked/4.3.3:
    resolution: {integrity: sha512-gNstDTb/ty5h6gJd6YpSPgsLX9LmRpaKJqGFp7MRlYxhwp4vXXKlJ9+bt1TZ9KbVNXE+Mbxy2AYXcpY21DDtJw==}
    dependencies:
      '@types/node': 18.11.17
    dev: false

  /@types/connect/3.4.35:
    resolution: {integrity: sha512-cdeYyv4KWoEgpBISTxWvqYsVy444DOqehiF3fM3ne10AmJ62RSyNkUnxMJXHQWRQQX2eR94m5y1IZyDwBjV9FQ==}
    dependencies:
      '@types/node': 18.11.17
    dev: false

  /@types/express-serve-static-core/4.17.31:
    resolution: {integrity: sha512-DxMhY+NAsTwMMFHBTtJFNp5qiHKJ7TeqOo23zVEM9alT1Ml27Q3xcTH0xwxn7Q0BbMcVEJOs/7aQtUWupUQN3Q==}
    dependencies:
      '@types/node': 18.11.17
      '@types/qs': 6.9.7
      '@types/range-parser': 1.2.4
    dev: false

  /@types/express/4.17.15:
    resolution: {integrity: sha512-Yv0k4bXGOH+8a+7bELd2PqHQsuiANB+A8a4gnQrkRWzrkKlb6KHaVvyXhqs04sVW/OWlbPyYxRgYlIXLfrufMQ==}
    dependencies:
      '@types/body-parser': 1.19.2
      '@types/express-serve-static-core': 4.17.31
      '@types/qs': 6.9.7
      '@types/serve-static': 1.15.0
    dev: false

  /@types/mime/3.0.1:
    resolution: {integrity: sha512-Y4XFY5VJAuw0FgAqPNd6NNoV44jbq9Bz2L7Rh/J6jLTiHBSBJa9fxqQIvkIld4GsoDOcCbvzOUAbLPsSKKg+uA==}
    dev: false

  /@types/node/18.11.17:
    resolution: {integrity: sha512-HJSUJmni4BeDHhfzn6nF0sVmd1SMezP7/4F0Lq+aXzmp2xm9O7WXrUtHW/CHlYVtZUbByEvWidHqRtcJXGF2Ng==}
    dev: false

  /@types/qs/6.9.7:
    resolution: {integrity: sha512-FGa1F62FT09qcrueBA6qYTrJPVDzah9a+493+o2PCXsesWHIn27G98TsSMs3WPNbZIEj4+VJf6saSFpvD+3Zsw==}
    dev: false

  /@types/range-parser/1.2.4:
    resolution: {integrity: sha512-EEhsLsD6UsDM1yFhAvy0Cjr6VwmpMWqFBCb9w07wVugF7w9nfajxLuVmngTIpgS6svCnm6Vaw+MZhoDCKnOfsw==}
    dev: false

  /@types/serve-static/1.15.0:
    resolution: {integrity: sha512-z5xyF6uh8CbjAu9760KDKsH2FcDxZ2tFCsA4HIMWE6IkiYMXfVoa+4f9KX+FN0ZLsaMw1WNG2ETLA6N+/YA+cg==}
    dependencies:
      '@types/mime': 3.0.1
      '@types/node': 18.11.17
    dev: false

  /async-hook-jl/1.7.6:
    resolution: {integrity: sha512-gFaHkFfSxTjvoxDMYqDuGHlcRyUuamF8s+ZTtJdDzqjws4mCt7v0vuV79/E2Wr2/riMQgtG4/yUtXWs1gZ7JMg==}
    engines: {node: ^4.7 || >=6.9 || >=7.3}
    dependencies:
      stack-chain: 1.3.7
    dev: false

  /cls-hooked/4.2.2:
    resolution: {integrity: sha512-J4Xj5f5wq/4jAvcdgoGsL3G103BtWpZrMo8NEinRltN+xpTZdI+M38pyQqhuFU/P792xkMFvnKSf+Lm81U1bxw==}
    engines: {node: ^4.7 || >=6.9 || >=7.3 || >=8.2.1}
    dependencies:
      async-hook-jl: 1.7.6
      emitter-listener: 1.1.2
      semver: 5.7.1
    dev: false

  /emitter-listener/1.1.2:
    resolution: {integrity: sha512-Bt1sBAGFHY9DKY+4/2cV6izcKJUf5T7/gkdmkxzX/qv9CcGH8xSwVRW5mtX03SWJtRTWSOpzCuWN9rBFYZepZQ==}
    dependencies:
      shimmer: 1.2.1
    dev: false

  /express-http-context/1.2.4:
    resolution: {integrity: sha512-jPpBbF1MWWdRcUU1rxsX0CPnA8ueEj8xgWvpRGHoXWGI4l5KqhPY4Bq+Gt6s2IhqHQQ0g0wIvJ3jFfbUuJJycQ==}
    engines: {node: '>=8.0.0 <10.0.0 || >=10.4.0'}
    dependencies:
      '@types/cls-hooked': 4.3.3
      '@types/express': 4.17.15
      cls-hooked: 4.2.2
    dev: false

  /lodash/4.17.21:
    resolution: {integrity: sha512-v2kDEe57lecTulaDIuNTPy3Ry4gLGJ6Z1O3vE1krgXZNrsQ+LFTGHVxVjcXPs17LhbZVGedAJv8XZ1tvj5FvSg==}
    dev: false

  /nanoid/4.0.0:
    resolution: {integrity: sha512-IgBP8piMxe/gf73RTQx7hmnhwz0aaEXYakvqZyE302IXW3HyVNhdNGC+O2MwMAVhLEnvXlvKtGbtJf6wvHihCg==}
    engines: {node: ^14 || ^16 || >=18}
    hasBin: true
    dev: false

  /semver/5.7.1:
    resolution: {integrity: sha512-sauaDf/PZdVgrLTNYHRtpXa1iRiKcaebiKQ1BJdpQlWH2lCvexQdX55snPFyK7QzpudqbCI0qXFfOasHdyNDGQ==}
    hasBin: true
    dev: false

  /shimmer/1.2.1:
    resolution: {integrity: sha512-sQTKC1Re/rM6XyFM6fIAGHRPVGvyXfgzIDvzoq608vM+jeyVD0Tu1E6Np0Kc2zAIFWIj963V2800iF/9LPieQw==}
    dev: false

  /stack-chain/1.3.7:
    resolution: {integrity: sha512-D8cWtWVdIe/jBA7v5p5Hwl5yOSOrmZPWDPe2KxQ5UAGD+nxbxU0lKXA4h85Ta6+qgdKVL3vUxsbIZjc1kBG7ug==}
    dev: false
