lockfileVersion: 5.4

specifiers:
  '@am92/api-crypto': ^1.0.11
  express-http-context: ^1.2.4
  lodash: ^4.17.21
  nanoid: ^4.0.0

dependencies:
  '@am92/api-crypto': 1.0.11
  express-http-context: 1.2.4
  lodash: 4.17.21
  nanoid: 4.0.0

packages:

  /@am92/api-crypto/1.0.11:
    resolution: {integrity: sha512-HeefR5uiZiuIt1oqfcDhynYXJbTsaBiNUuIPDJpp0nLzSvVNi6x+5GhHfVv7fnIqJim+Kge2NW8/Phncs4/6Ug==}
    requiresBuild: true
    dependencies:
      '@am92/jose-crypto': 1.0.9
      '@am92/kms': 1.0.10
      '@am92/redis': 1.0.10
      moment: 2.29.4
    transitivePeerDependencies:
      - aws-crt
    dev: false

  /@am92/jose-crypto/1.0.9:
    resolution: {integrity: sha512-kEKSQRvfafqXveTalKJRbhYEUftLi4UjPFLESYakDgpFkGfyeAZ8P++VRYWZNKjpre+6f+tU0/jq0WAG4hoKrQ==}
    dev: false

  /@am92/kms/1.0.10:
    resolution: {integrity: sha512-jEcK9zfqbMY8f/wqoSzSeU/wb6kzil2ZfiVgVXyQTQAzZeNtVgxBR4BKFZbofn+8h0NHToSzfxMPOxgcshq4lg==}
    dependencies:
      '@aws-sdk/client-kms': 3.245.0
    transitivePeerDependencies:
      - aws-crt
    dev: false

  /@am92/redis/1.0.10:
    resolution: {integrity: sha512-tv2P2f4XB2ffjYTRLYKtlxkDJ98x/sf+jL+2FM21jJ/9U7y/5xhZcshr/YApDQam5pxmvoyw8UKx3NvKhxt7RQ==}
    dependencies:
      redis: 4.5.1
    dev: false

  /@aws-crypto/ie11-detection/2.0.2:
    resolution: {integrity: sha512-5XDMQY98gMAf/WRTic5G++jfmS/VLM0rwpiOpaainKi4L0nqWMSB1SzsrEG5rjFZGYN6ZAefO+/Yta2dFM0kMw==}
    dependencies:
      tslib: 1.14.1
    dev: false

  /@aws-crypto/sha256-browser/2.0.0:
    resolution: {integrity: sha512-rYXOQ8BFOaqMEHJrLHul/25ckWH6GTJtdLSajhlqGMx0PmSueAuvboCuZCTqEKlxR8CQOwRarxYMZZSYlhRA1A==}
    dependencies:
      '@aws-crypto/ie11-detection': 2.0.2
      '@aws-crypto/sha256-js': 2.0.0
      '@aws-crypto/supports-web-crypto': 2.0.2
      '@aws-crypto/util': 2.0.2
      '@aws-sdk/types': 3.226.0
      '@aws-sdk/util-locate-window': 3.208.0
      '@aws-sdk/util-utf8-browser': 3.188.0
      tslib: 1.14.1
    dev: false

  /@aws-crypto/sha256-js/2.0.0:
    resolution: {integrity: sha512-VZY+mCY4Nmrs5WGfitmNqXzaE873fcIZDu54cbaDaaamsaTOP1DBImV9F4pICc3EHjQXujyE8jig+PFCaew9ig==}
    dependencies:
      '@aws-crypto/util': 2.0.2
      '@aws-sdk/types': 3.226.0
      tslib: 1.14.1
    dev: false

  /@aws-crypto/supports-web-crypto/2.0.2:
    resolution: {integrity: sha512-6mbSsLHwZ99CTOOswvCRP3C+VCWnzBf+1SnbWxzzJ9lR0mA0JnY2JEAhp8rqmTE0GPFy88rrM27ffgp62oErMQ==}
    dependencies:
      tslib: 1.14.1
    dev: false

  /@aws-crypto/util/2.0.2:
    resolution: {integrity: sha512-Lgu5v/0e/BcrZ5m/IWqzPUf3UYFTy/PpeED+uc9SWUR1iZQL8XXbGQg10UfllwwBryO3hFF5dizK+78aoXC1eA==}
    dependencies:
      '@aws-sdk/types': 3.226.0
      '@aws-sdk/util-utf8-browser': 3.188.0
      tslib: 1.14.1
    dev: false

  /@aws-sdk/abort-controller/3.226.0:
    resolution: {integrity: sha512-cJVzr1xxPBd08voknXvR0RLgtZKGKt6WyDpH/BaPCu3rfSqWCDZKzwqe940eqosjmKrxC6pUZNKASIqHOQ8xxQ==}
    engines: {node: '>=14.0.0'}
    dependencies:
      '@aws-sdk/types': 3.226.0
      tslib: 2.4.1
    dev: false

  /@aws-sdk/client-kms/3.245.0:
    resolution: {integrity: sha512-kcoI1KUlYDsAKVqm6WHDS1tHeEDtsfjEooCTNl5I12MAEiSGL1BuSRnmgqHCavy1JDJ9r1gRS1RnzDOMzyUYSw==}
    engines: {node: '>=14.0.0'}
    dependencies:
      '@aws-crypto/sha256-browser': 2.0.0
      '@aws-crypto/sha256-js': 2.0.0
      '@aws-sdk/client-sts': 3.245.0
      '@aws-sdk/config-resolver': 3.234.0
      '@aws-sdk/credential-provider-node': 3.245.0
      '@aws-sdk/fetch-http-handler': 3.226.0
      '@aws-sdk/hash-node': 3.226.0
      '@aws-sdk/invalid-dependency': 3.226.0
      '@aws-sdk/middleware-content-length': 3.226.0
      '@aws-sdk/middleware-endpoint': 3.226.0
      '@aws-sdk/middleware-host-header': 3.226.0
      '@aws-sdk/middleware-logger': 3.226.0
      '@aws-sdk/middleware-recursion-detection': 3.226.0
      '@aws-sdk/middleware-retry': 3.235.0
      '@aws-sdk/middleware-serde': 3.226.0
      '@aws-sdk/middleware-signing': 3.226.0
      '@aws-sdk/middleware-stack': 3.226.0
      '@aws-sdk/middleware-user-agent': 3.226.0
      '@aws-sdk/node-config-provider': 3.226.0
      '@aws-sdk/node-http-handler': 3.226.0
      '@aws-sdk/protocol-http': 3.226.0
      '@aws-sdk/smithy-client': 3.234.0
      '@aws-sdk/types': 3.226.0
      '@aws-sdk/url-parser': 3.226.0
      '@aws-sdk/util-base64': 3.208.0
      '@aws-sdk/util-body-length-browser': 3.188.0
      '@aws-sdk/util-body-length-node': 3.208.0
      '@aws-sdk/util-defaults-mode-browser': 3.234.0
      '@aws-sdk/util-defaults-mode-node': 3.234.0
      '@aws-sdk/util-endpoints': 3.245.0
      '@aws-sdk/util-retry': 3.229.0
      '@aws-sdk/util-user-agent-browser': 3.226.0
      '@aws-sdk/util-user-agent-node': 3.226.0
      '@aws-sdk/util-utf8-browser': 3.188.0
      '@aws-sdk/util-utf8-node': 3.208.0
      tslib: 2.4.1
    transitivePeerDependencies:
      - aws-crt
    dev: false

  /@aws-sdk/client-sso-oidc/3.245.0:
    resolution: {integrity: sha512-0pGPA00kEsu2Yq1Ul+OwftHxws5YVllm4iZrPtGnqmXr7wmf6B9lOtrMQF44y7Tfw53po6+bKz08OKTEWkkjUA==}
    engines: {node: '>=14.0.0'}
    dependencies:
      '@aws-crypto/sha256-browser': 2.0.0
      '@aws-crypto/sha256-js': 2.0.0
      '@aws-sdk/config-resolver': 3.234.0
      '@aws-sdk/fetch-http-handler': 3.226.0
      '@aws-sdk/hash-node': 3.226.0
      '@aws-sdk/invalid-dependency': 3.226.0
      '@aws-sdk/middleware-content-length': 3.226.0
      '@aws-sdk/middleware-endpoint': 3.226.0
      '@aws-sdk/middleware-host-header': 3.226.0
      '@aws-sdk/middleware-logger': 3.226.0
      '@aws-sdk/middleware-recursion-detection': 3.226.0
      '@aws-sdk/middleware-retry': 3.235.0
      '@aws-sdk/middleware-serde': 3.226.0
      '@aws-sdk/middleware-stack': 3.226.0
      '@aws-sdk/middleware-user-agent': 3.226.0
      '@aws-sdk/node-config-provider': 3.226.0
      '@aws-sdk/node-http-handler': 3.226.0
      '@aws-sdk/protocol-http': 3.226.0
      '@aws-sdk/smithy-client': 3.234.0
      '@aws-sdk/types': 3.226.0
      '@aws-sdk/url-parser': 3.226.0
      '@aws-sdk/util-base64': 3.208.0
      '@aws-sdk/util-body-length-browser': 3.188.0
      '@aws-sdk/util-body-length-node': 3.208.0
      '@aws-sdk/util-defaults-mode-browser': 3.234.0
      '@aws-sdk/util-defaults-mode-node': 3.234.0
      '@aws-sdk/util-endpoints': 3.245.0
      '@aws-sdk/util-retry': 3.229.0
      '@aws-sdk/util-user-agent-browser': 3.226.0
      '@aws-sdk/util-user-agent-node': 3.226.0
      '@aws-sdk/util-utf8-browser': 3.188.0
      '@aws-sdk/util-utf8-node': 3.208.0
      tslib: 2.4.1
    transitivePeerDependencies:
      - aws-crt
    dev: false

  /@aws-sdk/client-sso/3.245.0:
    resolution: {integrity: sha512-dxzRwRo55ZNQ4hQigC+cishxLSWlBrbr3iszG0FLviavLDOlnVG5UUxWpOIGvwr8pYiSfM4jnfMxiwYwiCLg1g==}
    engines: {node: '>=14.0.0'}
    dependencies:
      '@aws-crypto/sha256-browser': 2.0.0
      '@aws-crypto/sha256-js': 2.0.0
      '@aws-sdk/config-resolver': 3.234.0
      '@aws-sdk/fetch-http-handler': 3.226.0
      '@aws-sdk/hash-node': 3.226.0
      '@aws-sdk/invalid-dependency': 3.226.0
      '@aws-sdk/middleware-content-length': 3.226.0
      '@aws-sdk/middleware-endpoint': 3.226.0
      '@aws-sdk/middleware-host-header': 3.226.0
      '@aws-sdk/middleware-logger': 3.226.0
      '@aws-sdk/middleware-recursion-detection': 3.226.0
      '@aws-sdk/middleware-retry': 3.235.0
      '@aws-sdk/middleware-serde': 3.226.0
      '@aws-sdk/middleware-stack': 3.226.0
      '@aws-sdk/middleware-user-agent': 3.226.0
      '@aws-sdk/node-config-provider': 3.226.0
      '@aws-sdk/node-http-handler': 3.226.0
      '@aws-sdk/protocol-http': 3.226.0
      '@aws-sdk/smithy-client': 3.234.0
      '@aws-sdk/types': 3.226.0
      '@aws-sdk/url-parser': 3.226.0
      '@aws-sdk/util-base64': 3.208.0
      '@aws-sdk/util-body-length-browser': 3.188.0
      '@aws-sdk/util-body-length-node': 3.208.0
      '@aws-sdk/util-defaults-mode-browser': 3.234.0
      '@aws-sdk/util-defaults-mode-node': 3.234.0
      '@aws-sdk/util-endpoints': 3.245.0
      '@aws-sdk/util-retry': 3.229.0
      '@aws-sdk/util-user-agent-browser': 3.226.0
      '@aws-sdk/util-user-agent-node': 3.226.0
      '@aws-sdk/util-utf8-browser': 3.188.0
      '@aws-sdk/util-utf8-node': 3.208.0
      tslib: 2.4.1
    transitivePeerDependencies:
      - aws-crt
    dev: false

  /@aws-sdk/client-sts/3.245.0:
    resolution: {integrity: sha512-E+7v2sy34TLni/Dmz6bTU20NWvbHYH9sVUHKQ9kHhmFopUWrs4Nt77f85PbuiKJz/irjUh9ppT5q1odJNRKRVQ==}
    engines: {node: '>=14.0.0'}
    dependencies:
      '@aws-crypto/sha256-browser': 2.0.0
      '@aws-crypto/sha256-js': 2.0.0
      '@aws-sdk/config-resolver': 3.234.0
      '@aws-sdk/credential-provider-node': 3.245.0
      '@aws-sdk/fetch-http-handler': 3.226.0
      '@aws-sdk/hash-node': 3.226.0
      '@aws-sdk/invalid-dependency': 3.226.0
      '@aws-sdk/middleware-content-length': 3.226.0
      '@aws-sdk/middleware-endpoint': 3.226.0
      '@aws-sdk/middleware-host-header': 3.226.0
      '@aws-sdk/middleware-logger': 3.226.0
      '@aws-sdk/middleware-recursion-detection': 3.226.0
      '@aws-sdk/middleware-retry': 3.235.0
      '@aws-sdk/middleware-sdk-sts': 3.226.0
      '@aws-sdk/middleware-serde': 3.226.0
      '@aws-sdk/middleware-signing': 3.226.0
      '@aws-sdk/middleware-stack': 3.226.0
      '@aws-sdk/middleware-user-agent': 3.226.0
      '@aws-sdk/node-config-provider': 3.226.0
      '@aws-sdk/node-http-handler': 3.226.0
      '@aws-sdk/protocol-http': 3.226.0
      '@aws-sdk/smithy-client': 3.234.0
      '@aws-sdk/types': 3.226.0
      '@aws-sdk/url-parser': 3.226.0
      '@aws-sdk/util-base64': 3.208.0
      '@aws-sdk/util-body-length-browser': 3.188.0
      '@aws-sdk/util-body-length-node': 3.208.0
      '@aws-sdk/util-defaults-mode-browser': 3.234.0
      '@aws-sdk/util-defaults-mode-node': 3.234.0
      '@aws-sdk/util-endpoints': 3.245.0
      '@aws-sdk/util-retry': 3.229.0
      '@aws-sdk/util-user-agent-browser': 3.226.0
      '@aws-sdk/util-user-agent-node': 3.226.0
      '@aws-sdk/util-utf8-browser': 3.188.0
      '@aws-sdk/util-utf8-node': 3.208.0
      fast-xml-parser: 4.0.11
      tslib: 2.4.1
    transitivePeerDependencies:
      - aws-crt
    dev: false

  /@aws-sdk/config-resolver/3.234.0:
    resolution: {integrity: sha512-uZxy4wzllfvgCQxVc+Iqhde0NGAnfmV2hWR6ejadJaAFTuYNvQiRg9IqJy3pkyDPqXySiJ8Bom5PoJfgn55J/A==}
    engines: {node: '>=14.0.0'}
    dependencies:
      '@aws-sdk/signature-v4': 3.226.0
      '@aws-sdk/types': 3.226.0
      '@aws-sdk/util-config-provider': 3.208.0
      '@aws-sdk/util-middleware': 3.226.0
      tslib: 2.4.1
    dev: false

  /@aws-sdk/credential-provider-env/3.226.0:
    resolution: {integrity: sha512-sd8uK1ojbXxaZXlthzw/VXZwCPUtU3PjObOfr3Evj7MPIM2IH8h29foOlggx939MdLQGboJf9gKvLlvKDWtJRA==}
    engines: {node: '>=14.0.0'}
    dependencies:
      '@aws-sdk/property-provider': 3.226.0
      '@aws-sdk/types': 3.226.0
      tslib: 2.4.1
    dev: false

  /@aws-sdk/credential-provider-imds/3.226.0:
    resolution: {integrity: sha512-//z/COQm2AjYFI1Lb0wKHTQSrvLFTyuKLFQGPJsKS7DPoxGOCKB7hmYerlbl01IDoCxTdyL//TyyPxbZEOQD5Q==}
    engines: {node: '>=14.0.0'}
    dependencies:
      '@aws-sdk/node-config-provider': 3.226.0
      '@aws-sdk/property-provider': 3.226.0
      '@aws-sdk/types': 3.226.0
      '@aws-sdk/url-parser': 3.226.0
      tslib: 2.4.1
    dev: false

  /@aws-sdk/credential-provider-ini/3.245.0:
    resolution: {integrity: sha512-1SjfVc5Wg0lLRUvwMrfjGgFkl+zfxn74gnkPr6by1QyMAoTzmeUkalPLAIqd+uHtFom9e3K633BQtX7zVPZ5XQ==}
    engines: {node: '>=14.0.0'}
    dependencies:
      '@aws-sdk/credential-provider-env': 3.226.0
      '@aws-sdk/credential-provider-imds': 3.226.0
      '@aws-sdk/credential-provider-process': 3.226.0
      '@aws-sdk/credential-provider-sso': 3.245.0
      '@aws-sdk/credential-provider-web-identity': 3.226.0
      '@aws-sdk/property-provider': 3.226.0
      '@aws-sdk/shared-ini-file-loader': 3.226.0
      '@aws-sdk/types': 3.226.0
      tslib: 2.4.1
    transitivePeerDependencies:
      - aws-crt
    dev: false

  /@aws-sdk/credential-provider-node/3.245.0:
    resolution: {integrity: sha512-Dwv8zmRLTDLeEkGrK/sLNFZSC+ahXZxr07CuID054QKACIdUEvkqYlnalRiTeXngiHGQ54u8wU7f0D32R2oL0g==}
    engines: {node: '>=14.0.0'}
    dependencies:
      '@aws-sdk/credential-provider-env': 3.226.0
      '@aws-sdk/credential-provider-imds': 3.226.0
      '@aws-sdk/credential-provider-ini': 3.245.0
      '@aws-sdk/credential-provider-process': 3.226.0
      '@aws-sdk/credential-provider-sso': 3.245.0
      '@aws-sdk/credential-provider-web-identity': 3.226.0
      '@aws-sdk/property-provider': 3.226.0
      '@aws-sdk/shared-ini-file-loader': 3.226.0
      '@aws-sdk/types': 3.226.0
      tslib: 2.4.1
    transitivePeerDependencies:
      - aws-crt
    dev: false

  /@aws-sdk/credential-provider-process/3.226.0:
    resolution: {integrity: sha512-iUDMdnrTvbvaCFhWwqyXrhvQ9+ojPqPqXhwZtY1X/Qaz+73S9gXBPJHZaZb2Ke0yKE1Ql3bJbKvmmxC/qLQMng==}
    engines: {node: '>=14.0.0'}
    dependencies:
      '@aws-sdk/property-provider': 3.226.0
      '@aws-sdk/shared-ini-file-loader': 3.226.0
      '@aws-sdk/types': 3.226.0
      tslib: 2.4.1
    dev: false

  /@aws-sdk/credential-provider-sso/3.245.0:
    resolution: {integrity: sha512-txWrJc0WNBhXMi7q+twjx7cs/qzgTfbQ+vbag5idRmdoUeiR8rfLvihCab2NaGg50xhh+TaoUCXrgJp3E/XjYQ==}
    engines: {node: '>=14.0.0'}
    dependencies:
      '@aws-sdk/client-sso': 3.245.0
      '@aws-sdk/property-provider': 3.226.0
      '@aws-sdk/shared-ini-file-loader': 3.226.0
      '@aws-sdk/token-providers': 3.245.0
      '@aws-sdk/types': 3.226.0
      tslib: 2.4.1
    transitivePeerDependencies:
      - aws-crt
    dev: false

  /@aws-sdk/credential-provider-web-identity/3.226.0:
    resolution: {integrity: sha512-CCpv847rLB0SFOHz2igvUMFAzeT2fD3YnY4C8jltuJoEkn0ITn1Hlgt13nTJ5BUuvyti2mvyXZHmNzhMIMrIlw==}
    engines: {node: '>=14.0.0'}
    dependencies:
      '@aws-sdk/property-provider': 3.226.0
      '@aws-sdk/types': 3.226.0
      tslib: 2.4.1
    dev: false

  /@aws-sdk/fetch-http-handler/3.226.0:
    resolution: {integrity: sha512-JewZPMNEBXfi1xVnRa7pVtK/zgZD8/lQ/YnD8pq79WuMa2cwyhDtr8oqCoqsPW+WJT5ScXoMtuHxN78l8eKWgg==}
    dependencies:
      '@aws-sdk/protocol-http': 3.226.0
      '@aws-sdk/querystring-builder': 3.226.0
      '@aws-sdk/types': 3.226.0
      '@aws-sdk/util-base64': 3.208.0
      tslib: 2.4.1
    dev: false

  /@aws-sdk/hash-node/3.226.0:
    resolution: {integrity: sha512-MdlJhJ9/Espwd0+gUXdZRsHuostB2WxEVAszWxobP0FTT9PnicqnfK7ExmW+DUAc0ywxtEbR3e0UND65rlSTVw==}
    engines: {node: '>=14.0.0'}
    dependencies:
      '@aws-sdk/types': 3.226.0
      '@aws-sdk/util-buffer-from': 3.208.0
      tslib: 2.4.1
    dev: false

  /@aws-sdk/invalid-dependency/3.226.0:
    resolution: {integrity: sha512-QXOYFmap8g9QzRjumcRCIo2GEZkdCwd7ePQW0OABWPhKHzlJ74vvBxywjU3s39EEBEluWXtZ7Iufg6GxZM4ifw==}
    dependencies:
      '@aws-sdk/types': 3.226.0
      tslib: 2.4.1
    dev: false

  /@aws-sdk/is-array-buffer/3.201.0:
    resolution: {integrity: sha512-UPez5qLh3dNgt0DYnPD/q0mVJY84rA17QE26hVNOW3fAji8W2wrwrxdacWOxyXvlxWsVRcKmr+lay1MDqpAMfg==}
    engines: {node: '>=14.0.0'}
    dependencies:
      tslib: 2.4.1
    dev: false

  /@aws-sdk/middleware-content-length/3.226.0:
    resolution: {integrity: sha512-ksUzlHJN2JMuyavjA46a4sctvnrnITqt2tbGGWWrAuXY1mel2j+VbgnmJUiwHKUO6bTFBBeft5Vd1TSOb4JmiA==}
    engines: {node: '>=14.0.0'}
    dependencies:
      '@aws-sdk/protocol-http': 3.226.0
      '@aws-sdk/types': 3.226.0
      tslib: 2.4.1
    dev: false

  /@aws-sdk/middleware-endpoint/3.226.0:
    resolution: {integrity: sha512-EvLFafjtUxTT0AC9p3aBQu1/fjhWdIeK58jIXaNFONfZ3F8QbEYUPuF/SqZvJM6cWfOO9qwYKkRDbCSTYhprIg==}
    engines: {node: '>=14.0.0'}
    dependencies:
      '@aws-sdk/middleware-serde': 3.226.0
      '@aws-sdk/protocol-http': 3.226.0
      '@aws-sdk/signature-v4': 3.226.0
      '@aws-sdk/types': 3.226.0
      '@aws-sdk/url-parser': 3.226.0
      '@aws-sdk/util-config-provider': 3.208.0
      '@aws-sdk/util-middleware': 3.226.0
      tslib: 2.4.1
    dev: false

  /@aws-sdk/middleware-host-header/3.226.0:
    resolution: {integrity: sha512-haVkWVh6BUPwKgWwkL6sDvTkcZWvJjv8AgC8jiQuSl8GLZdzHTB8Qhi3IsfFta9HAuoLjxheWBE5Z/L0UrfhLA==}
    engines: {node: '>=14.0.0'}
    dependencies:
      '@aws-sdk/protocol-http': 3.226.0
      '@aws-sdk/types': 3.226.0
      tslib: 2.4.1
    dev: false

  /@aws-sdk/middleware-logger/3.226.0:
    resolution: {integrity: sha512-m9gtLrrYnpN6yckcQ09rV7ExWOLMuq8mMPF/K3DbL/YL0TuILu9i2T1W+JuxSX+K9FMG2HrLAKivE/kMLr55xA==}
    engines: {node: '>=14.0.0'}
    dependencies:
      '@aws-sdk/types': 3.226.0
      tslib: 2.4.1
    dev: false

  /@aws-sdk/middleware-recursion-detection/3.226.0:
    resolution: {integrity: sha512-mwRbdKEUeuNH5TEkyZ5FWxp6bL2UC1WbY+LDv6YjHxmSMKpAoOueEdtU34PqDOLrpXXxIGHDFmjeGeMfktyEcA==}
    engines: {node: '>=14.0.0'}
    dependencies:
      '@aws-sdk/protocol-http': 3.226.0
      '@aws-sdk/types': 3.226.0
      tslib: 2.4.1
    dev: false

  /@aws-sdk/middleware-retry/3.235.0:
    resolution: {integrity: sha512-50WHbJGpD3SNp9763MAlHqIhXil++JdQbKejNpHg7HsJne/ao3ub+fDOfx//mMBjpzBV25BGd5UlfL6blrClSg==}
    engines: {node: '>=14.0.0'}
    dependencies:
      '@aws-sdk/protocol-http': 3.226.0
      '@aws-sdk/service-error-classification': 3.229.0
      '@aws-sdk/types': 3.226.0
      '@aws-sdk/util-middleware': 3.226.0
      '@aws-sdk/util-retry': 3.229.0
      tslib: 2.4.1
      uuid: 8.3.2
    dev: false

  /@aws-sdk/middleware-sdk-sts/3.226.0:
    resolution: {integrity: sha512-NN9T/qoSD1kZvAT+VLny3NnlqgylYQcsgV3rvi/8lYzw/G/2s8VS6sm/VTWGGZhx08wZRv20MWzYu3bftcyqUg==}
    engines: {node: '>=14.0.0'}
    dependencies:
      '@aws-sdk/middleware-signing': 3.226.0
      '@aws-sdk/property-provider': 3.226.0
      '@aws-sdk/protocol-http': 3.226.0
      '@aws-sdk/signature-v4': 3.226.0
      '@aws-sdk/types': 3.226.0
      tslib: 2.4.1
    dev: false

  /@aws-sdk/middleware-serde/3.226.0:
    resolution: {integrity: sha512-nPuOOAkSfx9TxzdKFx0X2bDlinOxGrqD7iof926K/AEflxGD1DBdcaDdjlYlPDW2CVE8LV/rAgbYuLxh/E/1VA==}
    engines: {node: '>=14.0.0'}
    dependencies:
      '@aws-sdk/types': 3.226.0
      tslib: 2.4.1
    dev: false

  /@aws-sdk/middleware-signing/3.226.0:
    resolution: {integrity: sha512-E6HmtPcl+IjYDDzi1xI2HpCbBq2avNWcjvCriMZWuTAtRVpnA6XDDGW5GY85IfS3A8G8vuWqEVPr8JcYUcjfew==}
    engines: {node: '>=14.0.0'}
    dependencies:
      '@aws-sdk/property-provider': 3.226.0
      '@aws-sdk/protocol-http': 3.226.0
      '@aws-sdk/signature-v4': 3.226.0
      '@aws-sdk/types': 3.226.0
      '@aws-sdk/util-middleware': 3.226.0
      tslib: 2.4.1
    dev: false

  /@aws-sdk/middleware-stack/3.226.0:
    resolution: {integrity: sha512-85wF29LvPvpoed60fZGDYLwv1Zpd/cM0C22WSSFPw1SSJeqO4gtFYyCg2squfT3KI6kF43IIkOCJ+L7GtryPug==}
    engines: {node: '>=14.0.0'}
    dependencies:
      tslib: 2.4.1
    dev: false

  /@aws-sdk/middleware-user-agent/3.226.0:
    resolution: {integrity: sha512-N1WnfzCW1Y5yWhVAphf8OPGTe8Df3vmV7/LdsoQfmpkCZgLZeK2o0xITkUQhRj1mbw7yp8tVFLFV3R2lMurdAQ==}
    engines: {node: '>=14.0.0'}
    dependencies:
      '@aws-sdk/protocol-http': 3.226.0
      '@aws-sdk/types': 3.226.0
      tslib: 2.4.1
    dev: false

  /@aws-sdk/node-config-provider/3.226.0:
    resolution: {integrity: sha512-B8lQDqiRk7X5izFEUMXmi8CZLOKCTWQJU9HQf3ako+sF0gexo4nHN3jhoRWyLtcgC5S3on/2jxpAcqtm7kuY3w==}
    engines: {node: '>=14.0.0'}
    dependencies:
      '@aws-sdk/property-provider': 3.226.0
      '@aws-sdk/shared-ini-file-loader': 3.226.0
      '@aws-sdk/types': 3.226.0
      tslib: 2.4.1
    dev: false

  /@aws-sdk/node-http-handler/3.226.0:
    resolution: {integrity: sha512-xQCddnZNMiPmjr3W7HYM+f5ir4VfxgJh37eqZwX6EZmyItFpNNeVzKUgA920ka1VPz/ZUYB+2OFGiX3LCLkkaA==}
    engines: {node: '>=14.0.0'}
    dependencies:
      '@aws-sdk/abort-controller': 3.226.0
      '@aws-sdk/protocol-http': 3.226.0
      '@aws-sdk/querystring-builder': 3.226.0
      '@aws-sdk/types': 3.226.0
      tslib: 2.4.1
    dev: false

  /@aws-sdk/property-provider/3.226.0:
    resolution: {integrity: sha512-TsljjG+Sg0LmdgfiAlWohluWKnxB/k8xenjeozZfzOr5bHmNHtdbWv6BtNvD/R83hw7SFXxbJHlD5H4u9p2NFg==}
    engines: {node: '>=14.0.0'}
    dependencies:
      '@aws-sdk/types': 3.226.0
      tslib: 2.4.1
    dev: false

  /@aws-sdk/protocol-http/3.226.0:
    resolution: {integrity: sha512-zWkVqiTA9RXL6y0hhfZc9bcU4DX2NI6Hw9IhQmSPeM59mdbPjJlY4bLlMr5YxywqO3yQ/ylNoAfrEzrDjlOSRg==}
    engines: {node: '>=14.0.0'}
    dependencies:
      '@aws-sdk/types': 3.226.0
      tslib: 2.4.1
    dev: false

  /@aws-sdk/querystring-builder/3.226.0:
    resolution: {integrity: sha512-LVurypuNeotO4lmirKXRC4NYrZRAyMJXuwO0f2a5ZAUJCjauwYrifKue6yCfU7bls7gut7nfcR6B99WBYpHs3g==}
    engines: {node: '>=14.0.0'}
    dependencies:
      '@aws-sdk/types': 3.226.0
      '@aws-sdk/util-uri-escape': 3.201.0
      tslib: 2.4.1
    dev: false

  /@aws-sdk/querystring-parser/3.226.0:
    resolution: {integrity: sha512-FzB+VrQ47KAFxiPt2YXrKZ8AOLZQqGTLCKHzx4bjxGmwgsjV8yIbtJiJhZLMcUQV4LtGeIY9ixIqQhGvnZHE4A==}
    engines: {node: '>=14.0.0'}
    dependencies:
      '@aws-sdk/types': 3.226.0
      tslib: 2.4.1
    dev: false

  /@aws-sdk/service-error-classification/3.229.0:
    resolution: {integrity: sha512-dnzWWQ0/NoWMUZ5C0DW3dPm0wC1O76Y/SpKbuJzWPkx1EYy6r8p32Ly4D9vUzrKDbRGf48YHIF2kOkBmu21CLg==}
    engines: {node: '>=14.0.0'}
    dev: false

  /@aws-sdk/shared-ini-file-loader/3.226.0:
    resolution: {integrity: sha512-661VQefsARxVyyV2FX9V61V+nNgImk7aN2hYlFKla6BCwZfMng+dEtD0xVGyg1PfRw0qvEv5LQyxMVgHcUSevA==}
    engines: {node: '>=14.0.0'}
    dependencies:
      '@aws-sdk/types': 3.226.0
      tslib: 2.4.1
    dev: false

  /@aws-sdk/signature-v4/3.226.0:
    resolution: {integrity: sha512-/R5q5agdPd7HJB68XMzpxrNPk158EHUvkFkuRu5Qf3kkkHebEzWEBlWoVpUe6ss4rP9Tqcue6xPuaftEmhjpYw==}
    engines: {node: '>=14.0.0'}
    dependencies:
      '@aws-sdk/is-array-buffer': 3.201.0
      '@aws-sdk/types': 3.226.0
      '@aws-sdk/util-hex-encoding': 3.201.0
      '@aws-sdk/util-middleware': 3.226.0
      '@aws-sdk/util-uri-escape': 3.201.0
      tslib: 2.4.1
    dev: false

  /@aws-sdk/smithy-client/3.234.0:
    resolution: {integrity: sha512-8AtR/k4vsFvjXeQbIzq/Wy7Nbk48Ou0wUEeVYPHWHPSU8QamFWORkOwmKtKMfHAyZvmqiAPeQqHFkq+UJhWyyQ==}
    engines: {node: '>=14.0.0'}
    dependencies:
      '@aws-sdk/middleware-stack': 3.226.0
      '@aws-sdk/types': 3.226.0
      tslib: 2.4.1
    dev: false

  /@aws-sdk/token-providers/3.245.0:
    resolution: {integrity: sha512-m/spXR/vEXGb+zMqRUMQYVMwFZSTdK5RkddYqamYkNhIoLm60EYeRu57JsMMs5djKi8dBRSKiXwVHx0l2rXMjg==}
    engines: {node: '>=14.0.0'}
    dependencies:
      '@aws-sdk/client-sso-oidc': 3.245.0
      '@aws-sdk/property-provider': 3.226.0
      '@aws-sdk/shared-ini-file-loader': 3.226.0
      '@aws-sdk/types': 3.226.0
      tslib: 2.4.1
    transitivePeerDependencies:
      - aws-crt
    dev: false

  /@aws-sdk/types/3.226.0:
    resolution: {integrity: sha512-MmmNHrWeO4man7wpOwrAhXlevqtOV9ZLcH4RhnG5LmRce0RFOApx24HoKENfFCcOyCm5LQBlsXCqi0dZWDWU0A==}
    engines: {node: '>=14.0.0'}
    dependencies:
      tslib: 2.4.1
    dev: false

  /@aws-sdk/url-parser/3.226.0:
    resolution: {integrity: sha512-p5RLE0QWyP0OcTOLmFcLdVgUcUEzmEfmdrnOxyNzomcYb0p3vUagA5zfa1HVK2azsQJFBv28GfvMnba9bGhObg==}
    dependencies:
      '@aws-sdk/querystring-parser': 3.226.0
      '@aws-sdk/types': 3.226.0
      tslib: 2.4.1
    dev: false

  /@aws-sdk/util-base64/3.208.0:
    resolution: {integrity: sha512-PQniZph5A6N7uuEOQi+1hnMz/FSOK/8kMFyFO+4DgA1dZ5pcKcn5wiFwHkcTb/BsgVqQa3Jx0VHNnvhlS8JyTg==}
    engines: {node: '>=14.0.0'}
    dependencies:
      '@aws-sdk/util-buffer-from': 3.208.0
      tslib: 2.4.1
    dev: false

  /@aws-sdk/util-body-length-browser/3.188.0:
    resolution: {integrity: sha512-8VpnwFWXhnZ/iRSl9mTf+VKOX9wDE8QtN4bj9pBfxwf90H1X7E8T6NkiZD3k+HubYf2J94e7DbeHs7fuCPW5Qg==}
    dependencies:
      tslib: 2.4.1
    dev: false

  /@aws-sdk/util-body-length-node/3.208.0:
    resolution: {integrity: sha512-3zj50e5g7t/MQf53SsuuSf0hEELzMtD8RX8C76f12OSRo2Bca4FLLYHe0TZbxcfQHom8/hOaeZEyTyMogMglqg==}
    engines: {node: '>=14.0.0'}
    dependencies:
      tslib: 2.4.1
    dev: false

  /@aws-sdk/util-buffer-from/3.208.0:
    resolution: {integrity: sha512-7L0XUixNEFcLUGPeBF35enCvB9Xl+K6SQsmbrPk1P3mlV9mguWSDQqbOBwY1Ir0OVbD6H/ZOQU7hI/9RtRI0Zw==}
    engines: {node: '>=14.0.0'}
    dependencies:
      '@aws-sdk/is-array-buffer': 3.201.0
      tslib: 2.4.1
    dev: false

  /@aws-sdk/util-config-provider/3.208.0:
    resolution: {integrity: sha512-DSRqwrERUsT34ug+anlMBIFooBEGwM8GejC7q00Y/9IPrQy50KnG5PW2NiTjuLKNi7pdEOlwTSEocJE15eDZIg==}
    engines: {node: '>=14.0.0'}
    dependencies:
      tslib: 2.4.1
    dev: false

  /@aws-sdk/util-defaults-mode-browser/3.234.0:
    resolution: {integrity: sha512-IHMKXjTbOD8XMz5+2oCOsVP94BYb9YyjXdns0aAXr2NAo7k2+RCzXQ2DebJXppGda1F6opFutoKwyVSN0cmbMw==}
    engines: {node: '>= 10.0.0'}
    dependencies:
      '@aws-sdk/property-provider': 3.226.0
      '@aws-sdk/types': 3.226.0
      bowser: 2.11.0
      tslib: 2.4.1
    dev: false

  /@aws-sdk/util-defaults-mode-node/3.234.0:
    resolution: {integrity: sha512-UGjQ+OjBYYhxFVtUY+jtr0ZZgzZh6OHtYwRhFt8IHewJXFCfZTyfsbX20szBj5y1S4HRIUJ7cwBLIytTqMbI5w==}
    engines: {node: '>= 10.0.0'}
    dependencies:
      '@aws-sdk/config-resolver': 3.234.0
      '@aws-sdk/credential-provider-imds': 3.226.0
      '@aws-sdk/node-config-provider': 3.226.0
      '@aws-sdk/property-provider': 3.226.0
      '@aws-sdk/types': 3.226.0
      tslib: 2.4.1
    dev: false

  /@aws-sdk/util-endpoints/3.245.0:
    resolution: {integrity: sha512-UNOFquB1tKx+8RT8n82Zb5tIwDyZHVPBg/m0LB0RsLETjr6krien5ASpqWezsXKIR1hftN9uaxN4bvf2dZrWHg==}
    engines: {node: '>=14.0.0'}
    dependencies:
      '@aws-sdk/types': 3.226.0
      tslib: 2.4.1
    dev: false

  /@aws-sdk/util-hex-encoding/3.201.0:
    resolution: {integrity: sha512-7t1vR1pVxKx0motd3X9rI3m/xNp78p3sHtP5yo4NP4ARpxyJ0fokBomY8ScaH2D/B+U5o9ARxldJUdMqyBlJcA==}
    engines: {node: '>=14.0.0'}
    dependencies:
      tslib: 2.4.1
    dev: false

  /@aws-sdk/util-locate-window/3.208.0:
    resolution: {integrity: sha512-iua1A2+P7JJEDHVgvXrRJSvsnzG7stYSGQnBVphIUlemwl6nN5D+QrgbjECtrbxRz8asYFHSzhdhECqN+tFiBg==}
    engines: {node: '>=14.0.0'}
    dependencies:
      tslib: 2.4.1
    dev: false

  /@aws-sdk/util-middleware/3.226.0:
    resolution: {integrity: sha512-B96CQnwX4gRvQdaQkdUtqvDPkrptV5+va6FVeJOocU/DbSYMAScLxtR3peMS8cnlOT6nL1Eoa42OI9AfZz1VwQ==}
    engines: {node: '>=14.0.0'}
    dependencies:
      tslib: 2.4.1
    dev: false

  /@aws-sdk/util-retry/3.229.0:
    resolution: {integrity: sha512-0zKTqi0P1inD0LzIMuXRIYYQ/8c1lWMg/cfiqUcIAF1TpatlpZuN7umU0ierpBFud7S+zDgg0oemh+Nj8xliJw==}
    engines: {node: '>= 14.0.0'}
    dependencies:
      '@aws-sdk/service-error-classification': 3.229.0
      tslib: 2.4.1
    dev: false

  /@aws-sdk/util-uri-escape/3.201.0:
    resolution: {integrity: sha512-TeTWbGx4LU2c5rx0obHeDFeO9HvwYwQtMh1yniBz00pQb6Qt6YVOETVQikRZ+XRQwEyCg/dA375UplIpiy54mA==}
    engines: {node: '>=14.0.0'}
    dependencies:
      tslib: 2.4.1
    dev: false

  /@aws-sdk/util-user-agent-browser/3.226.0:
    resolution: {integrity: sha512-PhBIu2h6sPJPcv2I7ELfFizdl5pNiL4LfxrasMCYXQkJvVnoXztHA1x+CQbXIdtZOIlpjC+6BjDcE0uhnpvfcA==}
    dependencies:
      '@aws-sdk/types': 3.226.0
      bowser: 2.11.0
      tslib: 2.4.1
    dev: false

  /@aws-sdk/util-user-agent-node/3.226.0:
    resolution: {integrity: sha512-othPc5Dz/pkYkxH+nZPhc1Al0HndQT8zHD4e9h+EZ+8lkd8n+IsnLfTS/mSJWrfiC6UlNRVw55cItstmJyMe/A==}
    engines: {node: '>=14.0.0'}
    peerDependencies:
      aws-crt: '>=1.0.0'
    peerDependenciesMeta:
      aws-crt:
        optional: true
    dependencies:
      '@aws-sdk/node-config-provider': 3.226.0
      '@aws-sdk/types': 3.226.0
      tslib: 2.4.1
    dev: false

  /@aws-sdk/util-utf8-browser/3.188.0:
    resolution: {integrity: sha512-jt627x0+jE+Ydr9NwkFstg3cUvgWh56qdaqAMDsqgRlKD21md/6G226z/Qxl7lb1VEW2LlmCx43ai/37Qwcj2Q==}
    dependencies:
      tslib: 2.4.1
    dev: false

  /@aws-sdk/util-utf8-node/3.208.0:
    resolution: {integrity: sha512-jKY87Acv0yWBdFxx6bveagy5FYjz+dtV8IPT7ay1E2WPWH1czoIdMAkc8tSInK31T6CRnHWkLZ1qYwCbgRfERQ==}
    engines: {node: '>=14.0.0'}
    dependencies:
      '@aws-sdk/util-buffer-from': 3.208.0
      tslib: 2.4.1
    dev: false

  /@redis/bloom/1.1.0_@redis+client@1.4.2:
    resolution: {integrity: sha512-9QovlxmpRtvxVbN0UBcv8WfdSMudNZZTFqCsnBszcQXqaZb/TVe30ScgGEO7u1EAIacTPAo7/oCYjYAxiHLanQ==}
    peerDependencies:
      '@redis/client': ^1.0.0
    dependencies:
      '@redis/client': 1.4.2
    dev: false

  /@redis/client/1.4.2:
    resolution: {integrity: sha512-oUdEjE0I7JS5AyaAjkD3aOXn9NhO7XKyPyXEyrgFDu++VrVBHUPnV6dgEya9TcMuj5nIJRuCzCm8ZP+c9zCHPw==}
    engines: {node: '>=14'}
    dependencies:
      cluster-key-slot: 1.1.1
      generic-pool: 3.9.0
      yallist: 4.0.0
    dev: false

  /@redis/graph/1.1.0_@redis+client@1.4.2:
    resolution: {integrity: sha512-16yZWngxyXPd+MJxeSr0dqh2AIOi8j9yXKcKCwVaKDbH3HTuETpDVPcLujhFYVPtYrngSco31BUcSa9TH31Gqg==}
    peerDependencies:
      '@redis/client': ^1.0.0
    dependencies:
      '@redis/client': 1.4.2
    dev: false

  /@redis/json/1.0.4_@redis+client@1.4.2:
    resolution: {integrity: sha512-LUZE2Gdrhg0Rx7AN+cZkb1e6HjoSKaeeW8rYnt89Tly13GBI5eP4CwDVr+MY8BAYfCg4/N15OUrtLoona9uSgw==}
    peerDependencies:
      '@redis/client': ^1.0.0
    dependencies:
      '@redis/client': 1.4.2
    dev: false

  /@redis/search/1.1.0_@redis+client@1.4.2:
    resolution: {integrity: sha512-NyFZEVnxIJEybpy+YskjgOJRNsfTYqaPbK/Buv6W2kmFNaRk85JiqjJZA5QkRmWvGbyQYwoO5QfDi2wHskKrQQ==}
    peerDependencies:
      '@redis/client': ^1.0.0
    dependencies:
      '@redis/client': 1.4.2
    dev: false

  /@redis/time-series/1.0.4_@redis+client@1.4.2:
    resolution: {integrity: sha512-ThUIgo2U/g7cCuZavucQTQzA9g9JbDDY2f64u3AbAoz/8vE2lt2U37LamDUVChhaDA3IRT9R6VvJwqnUfTJzng==}
    peerDependencies:
      '@redis/client': ^1.0.0
    dependencies:
      '@redis/client': 1.4.2
    dev: false

  /@types/body-parser/1.19.2:
    resolution: {integrity: sha512-ALYone6pm6QmwZoAgeyNksccT9Q4AWZQ6PvfwR37GT6r6FWUPguq6sUmNGSMV2Wr761oQoBxwGGa6DR5o1DC9g==}
    dependencies:
      '@types/connect': 3.4.35
      '@types/node': 18.11.18
    dev: false

  /@types/cls-hooked/4.3.3:
    resolution: {integrity: sha512-gNstDTb/ty5h6gJd6YpSPgsLX9LmRpaKJqGFp7MRlYxhwp4vXXKlJ9+bt1TZ9KbVNXE+Mbxy2AYXcpY21DDtJw==}
    dependencies:
      '@types/node': 18.11.18
    dev: false

  /@types/connect/3.4.35:
    resolution: {integrity: sha512-cdeYyv4KWoEgpBISTxWvqYsVy444DOqehiF3fM3ne10AmJ62RSyNkUnxMJXHQWRQQX2eR94m5y1IZyDwBjV9FQ==}
    dependencies:
      '@types/node': 18.11.18
    dev: false

  /@types/express-serve-static-core/4.17.32:
    resolution: {integrity: sha512-aI5h/VOkxOF2Z1saPy0Zsxs5avets/iaiAJYznQFm5By/pamU31xWKL//epiF4OfUA2qTOc9PV6tCUjhO8wlZA==}
    dependencies:
      '@types/node': 18.11.18
      '@types/qs': 6.9.7
      '@types/range-parser': 1.2.4
    dev: false

  /@types/express/4.17.15:
    resolution: {integrity: sha512-Yv0k4bXGOH+8a+7bELd2PqHQsuiANB+A8a4gnQrkRWzrkKlb6KHaVvyXhqs04sVW/OWlbPyYxRgYlIXLfrufMQ==}
    dependencies:
      '@types/body-parser': 1.19.2
      '@types/express-serve-static-core': 4.17.32
      '@types/qs': 6.9.7
      '@types/serve-static': 1.15.0
    dev: false

  /@types/mime/3.0.1:
    resolution: {integrity: sha512-Y4XFY5VJAuw0FgAqPNd6NNoV44jbq9Bz2L7Rh/J6jLTiHBSBJa9fxqQIvkIld4GsoDOcCbvzOUAbLPsSKKg+uA==}
    dev: false

  /@types/node/18.11.18:
    resolution: {integrity: sha512-DHQpWGjyQKSHj3ebjFI/wRKcqQcdR+MoFBygntYOZytCqNfkd2ZC4ARDJ2DQqhjH5p85Nnd3jhUJIXrszFX/JA==}
    dev: false

  /@types/qs/6.9.7:
    resolution: {integrity: sha512-FGa1F62FT09qcrueBA6qYTrJPVDzah9a+493+o2PCXsesWHIn27G98TsSMs3WPNbZIEj4+VJf6saSFpvD+3Zsw==}
    dev: false

  /@types/range-parser/1.2.4:
    resolution: {integrity: sha512-EEhsLsD6UsDM1yFhAvy0Cjr6VwmpMWqFBCb9w07wVugF7w9nfajxLuVmngTIpgS6svCnm6Vaw+MZhoDCKnOfsw==}
    dev: false

  /@types/serve-static/1.15.0:
    resolution: {integrity: sha512-z5xyF6uh8CbjAu9760KDKsH2FcDxZ2tFCsA4HIMWE6IkiYMXfVoa+4f9KX+FN0ZLsaMw1WNG2ETLA6N+/YA+cg==}
    dependencies:
      '@types/mime': 3.0.1
      '@types/node': 18.11.18
    dev: false

  /async-hook-jl/1.7.6:
    resolution: {integrity: sha512-gFaHkFfSxTjvoxDMYqDuGHlcRyUuamF8s+ZTtJdDzqjws4mCt7v0vuV79/E2Wr2/riMQgtG4/yUtXWs1gZ7JMg==}
    engines: {node: ^4.7 || >=6.9 || >=7.3}
    dependencies:
      stack-chain: 1.3.7
    dev: false

  /bowser/2.11.0:
    resolution: {integrity: sha512-AlcaJBi/pqqJBIQ8U9Mcpc9i8Aqxn88Skv5d+xBX006BY5u8N3mGLHa5Lgppa7L/HfwgwLgZ6NYs+Ag6uUmJRA==}
    dev: false

  /cls-hooked/4.2.2:
    resolution: {integrity: sha512-J4Xj5f5wq/4jAvcdgoGsL3G103BtWpZrMo8NEinRltN+xpTZdI+M38pyQqhuFU/P792xkMFvnKSf+Lm81U1bxw==}
    engines: {node: ^4.7 || >=6.9 || >=7.3 || >=8.2.1}
    dependencies:
      async-hook-jl: 1.7.6
      emitter-listener: 1.1.2
      semver: 5.7.1
    dev: false

  /cluster-key-slot/1.1.1:
    resolution: {integrity: sha512-rwHwUfXL40Chm1r08yrhU3qpUvdVlgkKNeyeGPOxnW8/SyVDvgRaed/Uz54AqWNaTCAThlj6QAs3TZcKI0xDEw==}
    engines: {node: '>=0.10.0'}
    dev: false

  /emitter-listener/1.1.2:
    resolution: {integrity: sha512-Bt1sBAGFHY9DKY+4/2cV6izcKJUf5T7/gkdmkxzX/qv9CcGH8xSwVRW5mtX03SWJtRTWSOpzCuWN9rBFYZepZQ==}
    dependencies:
      shimmer: 1.2.1
    dev: false

  /express-http-context/1.2.4:
    resolution: {integrity: sha512-jPpBbF1MWWdRcUU1rxsX0CPnA8ueEj8xgWvpRGHoXWGI4l5KqhPY4Bq+Gt6s2IhqHQQ0g0wIvJ3jFfbUuJJycQ==}
    engines: {node: '>=8.0.0 <10.0.0 || >=10.4.0'}
    dependencies:
      '@types/cls-hooked': 4.3.3
      '@types/express': 4.17.15
      cls-hooked: 4.2.2
    dev: false

  /fast-xml-parser/4.0.11:
    resolution: {integrity: sha512-4aUg3aNRR/WjQAcpceODG1C3x3lFANXRo8+1biqfieHmg9pyMt7qB4lQV/Ta6sJCTbA5vfD8fnA8S54JATiFUA==}
    hasBin: true
    dependencies:
      strnum: 1.0.5
    dev: false

  /generic-pool/3.9.0:
    resolution: {integrity: sha512-hymDOu5B53XvN4QT9dBmZxPX4CWhBPPLguTZ9MMFeFa/Kg0xWVfylOVNlJji/E7yTZWFd/q9GO5TxDLq156D7g==}
    engines: {node: '>= 4'}
    dev: false

  /lodash/4.17.21:
    resolution: {integrity: sha512-v2kDEe57lecTulaDIuNTPy3Ry4gLGJ6Z1O3vE1krgXZNrsQ+LFTGHVxVjcXPs17LhbZVGedAJv8XZ1tvj5FvSg==}
    dev: false

  /moment/2.29.4:
    resolution: {integrity: sha512-5LC9SOxjSc2HF6vO2CyuTDNivEdoz2IvyJJGj6X8DJ0eFyfszE0QiEd+iXmBvUP3WHxSjFH/vIsA0EN00cgr8w==}
    dev: false

  /nanoid/4.0.0:
    resolution: {integrity: sha512-IgBP8piMxe/gf73RTQx7hmnhwz0aaEXYakvqZyE302IXW3HyVNhdNGC+O2MwMAVhLEnvXlvKtGbtJf6wvHihCg==}
    engines: {node: ^14 || ^16 || >=18}
    hasBin: true
    dev: false

  /redis/4.5.1:
    resolution: {integrity: sha512-oxXSoIqMJCQVBTfxP6BNTCtDMyh9G6Vi5wjdPdV/sRKkufyZslDqCScSGcOr6XGR/reAWZefz7E4leM31RgdBA==}
    dependencies:
      '@redis/bloom': 1.1.0_@redis+client@1.4.2
      '@redis/client': 1.4.2
      '@redis/graph': 1.1.0_@redis+client@1.4.2
      '@redis/json': 1.0.4_@redis+client@1.4.2
      '@redis/search': 1.1.0_@redis+client@1.4.2
      '@redis/time-series': 1.0.4_@redis+client@1.4.2
    dev: false

  /semver/5.7.1:
    resolution: {integrity: sha512-sauaDf/PZdVgrLTNYHRtpXa1iRiKcaebiKQ1BJdpQlWH2lCvexQdX55snPFyK7QzpudqbCI0qXFfOasHdyNDGQ==}
    hasBin: true
    dev: false

  /shimmer/1.2.1:
    resolution: {integrity: sha512-sQTKC1Re/rM6XyFM6fIAGHRPVGvyXfgzIDvzoq608vM+jeyVD0Tu1E6Np0Kc2zAIFWIj963V2800iF/9LPieQw==}
    dev: false

  /stack-chain/1.3.7:
    resolution: {integrity: sha512-D8cWtWVdIe/jBA7v5p5Hwl5yOSOrmZPWDPe2KxQ5UAGD+nxbxU0lKXA4h85Ta6+qgdKVL3vUxsbIZjc1kBG7ug==}
    dev: false

  /strnum/1.0.5:
    resolution: {integrity: sha512-J8bbNyKKXl5qYcR36TIO8W3mVGVHrmmxsd5PAItGkmyzwJvybiw2IVq5nqd0i4LSNSkB/sx9VHllbfFdr9k1JA==}
    dev: false

  /tslib/1.14.1:
    resolution: {integrity: sha512-Xni35NKzjgMrwevysHTCArtLDpPvye8zV/0E4EyYn43P7/7qvQwPh9BGkHewbMulVntbigmcT7rdX3BNo9wRJg==}
    dev: false

  /tslib/2.4.1:
    resolution: {integrity: sha512-tGyy4dAjRIEwI7BzsB0lynWgOpfqjUdq91XXAlIWD2OwKBH7oCl/GZG/HT4BOHrTlPMOASlMQ7veyTqpmRcrNA==}
    dev: false

  /uuid/8.3.2:
    resolution: {integrity: sha512-+NYs2QeMWy+GWFOEm9xnn6HCDp0l7QBD7ml8zLUmJ+93Q5NF0NocErnwkTkXVFNiX3/fpC6afS8Dhb/gz7R7eg==}
    hasBin: true
    dev: false

  /yallist/4.0.0:
    resolution: {integrity: sha512-3wdGidZyq5PB084XLES5TpOSRA3wjXAlIWMhum2kRcv/41Sn2emQ0dycQW4uZXLejwKvg6EsvbdlVL+FYEct7A==}
    dev: false
